
Microsoft Visual Studio Solution File, Format Version 12.00
# Visual Studio 15
VisualStudioVersion = 15.0.26124.0
MinimumVisualStudioVersion = 15.0.26124.0
Project("{9A19103F-16F7-4668-BE54-9A1E7A4F7556}") = "Suteki.TardisBank.Domain", "Suteki.TardisBank.Domain\Suteki.TardisBank.Domain.csproj", "{E417A9B0-AC34-44BB-8CFB-B4E5D3CE17D2}"
EndProject
Project("{9A19103F-16F7-4668-BE54-9A1E7A4F7556}") = "Suteki.TardisBank.Infrastructure", "Suteki.TardisBank.Infrastructure\Suteki.TardisBank.Infrastructure.csproj", "{D0ACCE2E-D477-4AAF-86DD-6C2C4900B9EE}"
EndProject
Project("{9A19103F-16F7-4668-BE54-9A1E7A4F7556}") = "Suteki.TardisBank.Tasks", "Suteki.TardisBank.Tasks\Suteki.TardisBank.Tasks.csproj", "{80AA7007-BD1D-4860-8D73-BA46C906012A}"
EndProject
Project("{9A19103F-16F7-4668-BE54-9A1E7A4F7556}") = "Suteki.TardisBank.Tests", "Suteki.TardisBank.Tests\Suteki.TardisBank.Tests.csproj", "{25546298-ABBE-41EA-9B62-ABE7C4587D19}"
EndProject
Project("{2150E333-8FDC-42A3-9474-1A3956D46DE8}") = "SharpArch", "SharpArch", "{B514E7EC-7D43-4DD8-97A9-FD520ECB3B7D}"
EndProject
Project("{2150E333-8FDC-42A3-9474-1A3956D46DE8}") = "TardisBank", "TardisBank", "{6D3106CE-B30A-4DC6-88A4-EE7E09370F48}"
	ProjectSection(SolutionItems) = preProject
		Suteki.TardisBank.Web.Mvc\NHibernate.config = Suteki.TardisBank.Web.Mvc\NHibernate.config
	EndProjectSection
EndProject
Project("{2150E333-8FDC-42A3-9474-1A3956D46DE8}") = "App", "App", "{FCDFE7DD-5575-47CA-B4C0-5D02EBA4A4A1}"
EndProject
Project("{2150E333-8FDC-42A3-9474-1A3956D46DE8}") = "Tests", "Tests", "{1CB314F4-5E98-4A3A-8017-FB5F8CD8A76F}"
EndProject
Project("{9A19103F-16F7-4668-BE54-9A1E7A4F7556}") = "SharpArch.Domain", "..\..\..\Src\SharpArch.Domain\SharpArch.Domain.csproj", "{AE52B0E4-022D-45E0-AB04-010FACA6C897}"
EndProject
Project("{9A19103F-16F7-4668-BE54-9A1E7A4F7556}") = "SharpArch.NHibernate", "..\..\..\Src\SharpArch.NHibernate\SharpArch.NHibernate.csproj", "{E56D0C28-6B47-46AF-8755-0DA44D15D300}"
EndProject
Project("{9A19103F-16F7-4668-BE54-9A1E7A4F7556}") = "SharpArch.RavenDb", "..\..\..\Src\SharpArch.RavenDb\SharpArch.RavenDb.csproj", "{6E7C01BA-002D-4291-B544-DA0301AB41DC}"
EndProject
Project("{9A19103F-16F7-4668-BE54-9A1E7A4F7556}") = "SharpArch.Testing", "..\..\..\Src\SharpArch.Testing\SharpArch.Testing.csproj", "{CD90B3F3-2D21-4D06-B601-E77D38A58926}"
EndProject
Project("{9A19103F-16F7-4668-BE54-9A1E7A4F7556}") = "SharpArch.Testing.NUnit", "..\..\..\Src\SharpArch.Testing.NUnit\SharpArch.Testing.NUnit.csproj", "{909E7A8C-A76A-4203-A79C-C07202C9A409}"
EndProject
Project("{9A19103F-16F7-4668-BE54-9A1E7A4F7556}") = "SharpArch.Testing.Xunit.NHibernate", "..\..\..\Src\SharpArch.Testing.Xunit.NHibernate\SharpArch.Testing.Xunit.NHibernate.csproj", "{D3C2CC0C-050A-4D7B-830A-8A4849C4E0A0}"
EndProject
Project("{9A19103F-16F7-4668-BE54-9A1E7A4F7556}") = "SharpArch.Web.AspNetCore", "..\..\..\Src\SharpArch.Web.AspNetCore\SharpArch.Web.AspNetCore.csproj", "{F47EC00C-58C9-4E8A-BB80-CDB2C492DBF6}"
EndProject
Project("{9A19103F-16F7-4668-BE54-9A1E7A4F7556}") = "SharpArch.Testing.Xunit", "..\..\..\Src\SharpArch.Testing.Xunit\SharpArch.Testing.Xunit.csproj", "{CDF31748-EA55-4C67-B571-160F432E592C}"
EndProject
Project("{9A19103F-16F7-4668-BE54-9A1E7A4F7556}") = "SharpArch.Infrastructure", "..\..\..\Src\SharpArch.Infrastructure\SharpArch.Infrastructure.csproj", "{45A30CE8-6DBD-4AFB-82C2-E5BD96BB9D4A}"
EndProject
Global
	GlobalSection(SolutionConfigurationPlatforms) = preSolution
		Debug|Any CPU = Debug|Any CPU
		Debug|x64 = Debug|x64
		Debug|x86 = Debug|x86
		Release|Any CPU = Release|Any CPU
		Release|x64 = Release|x64
		Release|x86 = Release|x86
	EndGlobalSection
	GlobalSection(ProjectConfigurationPlatforms) = postSolution
		{E417A9B0-AC34-44BB-8CFB-B4E5D3CE17D2}.Debug|Any CPU.ActiveCfg = Debug|Any CPU
		{E417A9B0-AC34-44BB-8CFB-B4E5D3CE17D2}.Debug|Any CPU.Build.0 = Debug|Any CPU
		{E417A9B0-AC34-44BB-8CFB-B4E5D3CE17D2}.Debug|x64.ActiveCfg = Debug|Any CPU
		{E417A9B0-AC34-44BB-8CFB-B4E5D3CE17D2}.Debug|x64.Build.0 = Debug|Any CPU
		{E417A9B0-AC34-44BB-8CFB-B4E5D3CE17D2}.Debug|x86.ActiveCfg = Debug|Any CPU
		{E417A9B0-AC34-44BB-8CFB-B4E5D3CE17D2}.Debug|x86.Build.0 = Debug|Any CPU
		{E417A9B0-AC34-44BB-8CFB-B4E5D3CE17D2}.Release|Any CPU.ActiveCfg = Release|Any CPU
		{E417A9B0-AC34-44BB-8CFB-B4E5D3CE17D2}.Release|Any CPU.Build.0 = Release|Any CPU
		{E417A9B0-AC34-44BB-8CFB-B4E5D3CE17D2}.Release|x64.ActiveCfg = Release|Any CPU
		{E417A9B0-AC34-44BB-8CFB-B4E5D3CE17D2}.Release|x64.Build.0 = Release|Any CPU
		{E417A9B0-AC34-44BB-8CFB-B4E5D3CE17D2}.Release|x86.ActiveCfg = Release|Any CPU
		{E417A9B0-AC34-44BB-8CFB-B4E5D3CE17D2}.Release|x86.Build.0 = Release|Any CPU
		{D0ACCE2E-D477-4AAF-86DD-6C2C4900B9EE}.Debug|Any CPU.ActiveCfg = Debug|Any CPU
		{D0ACCE2E-D477-4AAF-86DD-6C2C4900B9EE}.Debug|Any CPU.Build.0 = Debug|Any CPU
		{D0ACCE2E-D477-4AAF-86DD-6C2C4900B9EE}.Debug|x64.ActiveCfg = Debug|Any CPU
		{D0ACCE2E-D477-4AAF-86DD-6C2C4900B9EE}.Debug|x64.Build.0 = Debug|Any CPU
		{D0ACCE2E-D477-4AAF-86DD-6C2C4900B9EE}.Debug|x86.ActiveCfg = Debug|Any CPU
		{D0ACCE2E-D477-4AAF-86DD-6C2C4900B9EE}.Debug|x86.Build.0 = Debug|Any CPU
		{D0ACCE2E-D477-4AAF-86DD-6C2C4900B9EE}.Release|Any CPU.ActiveCfg = Release|Any CPU
		{D0ACCE2E-D477-4AAF-86DD-6C2C4900B9EE}.Release|Any CPU.Build.0 = Release|Any CPU
		{D0ACCE2E-D477-4AAF-86DD-6C2C4900B9EE}.Release|x64.ActiveCfg = Release|Any CPU
		{D0ACCE2E-D477-4AAF-86DD-6C2C4900B9EE}.Release|x64.Build.0 = Release|Any CPU
		{D0ACCE2E-D477-4AAF-86DD-6C2C4900B9EE}.Release|x86.ActiveCfg = Release|Any CPU
		{D0ACCE2E-D477-4AAF-86DD-6C2C4900B9EE}.Release|x86.Build.0 = Release|Any CPU
		{80AA7007-BD1D-4860-8D73-BA46C906012A}.Debug|Any CPU.ActiveCfg = Debug|Any CPU
		{80AA7007-BD1D-4860-8D73-BA46C906012A}.Debug|Any CPU.Build.0 = Debug|Any CPU
		{80AA7007-BD1D-4860-8D73-BA46C906012A}.Debug|x64.ActiveCfg = Debug|Any CPU
		{80AA7007-BD1D-4860-8D73-BA46C906012A}.Debug|x64.Build.0 = Debug|Any CPU
		{80AA7007-BD1D-4860-8D73-BA46C906012A}.Debug|x86.ActiveCfg = Debug|Any CPU
		{80AA7007-BD1D-4860-8D73-BA46C906012A}.Debug|x86.Build.0 = Debug|Any CPU
		{80AA7007-BD1D-4860-8D73-BA46C906012A}.Release|Any CPU.ActiveCfg = Release|Any CPU
		{80AA7007-BD1D-4860-8D73-BA46C906012A}.Release|Any CPU.Build.0 = Release|Any CPU
		{80AA7007-BD1D-4860-8D73-BA46C906012A}.Release|x64.ActiveCfg = Release|Any CPU
		{80AA7007-BD1D-4860-8D73-BA46C906012A}.Release|x64.Build.0 = Release|Any CPU
		{80AA7007-BD1D-4860-8D73-BA46C906012A}.Release|x86.ActiveCfg = Release|Any CPU
		{80AA7007-BD1D-4860-8D73-BA46C906012A}.Release|x86.Build.0 = Release|Any CPU
		{25546298-ABBE-41EA-9B62-ABE7C4587D19}.Debug|Any CPU.ActiveCfg = Debug|Any CPU
		{25546298-ABBE-41EA-9B62-ABE7C4587D19}.Debug|Any CPU.Build.0 = Debug|Any CPU
		{25546298-ABBE-41EA-9B62-ABE7C4587D19}.Debug|x64.ActiveCfg = Debug|Any CPU
		{25546298-ABBE-41EA-9B62-ABE7C4587D19}.Debug|x64.Build.0 = Debug|Any CPU
		{25546298-ABBE-41EA-9B62-ABE7C4587D19}.Debug|x86.ActiveCfg = Debug|Any CPU
		{25546298-ABBE-41EA-9B62-ABE7C4587D19}.Debug|x86.Build.0 = Debug|Any CPU
		{25546298-ABBE-41EA-9B62-ABE7C4587D19}.Release|Any CPU.ActiveCfg = Release|Any CPU
		{25546298-ABBE-41EA-9B62-ABE7C4587D19}.Release|Any CPU.Build.0 = Release|Any CPU
		{25546298-ABBE-41EA-9B62-ABE7C4587D19}.Release|x64.ActiveCfg = Release|Any CPU
		{25546298-ABBE-41EA-9B62-ABE7C4587D19}.Release|x64.Build.0 = Release|Any CPU
		{25546298-ABBE-41EA-9B62-ABE7C4587D19}.Release|x86.ActiveCfg = Release|Any CPU
		{25546298-ABBE-41EA-9B62-ABE7C4587D19}.Release|x86.Build.0 = Release|Any CPU
		{AE52B0E4-022D-45E0-AB04-010FACA6C897}.Debug|Any CPU.ActiveCfg = Debug|Any CPU
		{AE52B0E4-022D-45E0-AB04-010FACA6C897}.Debug|Any CPU.Build.0 = Debug|Any CPU
		{AE52B0E4-022D-45E0-AB04-010FACA6C897}.Debug|x64.ActiveCfg = Debug|Any CPU
		{AE52B0E4-022D-45E0-AB04-010FACA6C897}.Debug|x64.Build.0 = Debug|Any CPU
		{AE52B0E4-022D-45E0-AB04-010FACA6C897}.Debug|x86.ActiveCfg = Debug|Any CPU
		{AE52B0E4-022D-45E0-AB04-010FACA6C897}.Debug|x86.Build.0 = Debug|Any CPU
		{AE52B0E4-022D-45E0-AB04-010FACA6C897}.Release|Any CPU.ActiveCfg = Release|Any CPU
		{AE52B0E4-022D-45E0-AB04-010FACA6C897}.Release|Any CPU.Build.0 = Release|Any CPU
		{AE52B0E4-022D-45E0-AB04-010FACA6C897}.Release|x64.ActiveCfg = Release|Any CPU
		{AE52B0E4-022D-45E0-AB04-010FACA6C897}.Release|x64.Build.0 = Release|Any CPU
		{AE52B0E4-022D-45E0-AB04-010FACA6C897}.Release|x86.ActiveCfg = Release|Any CPU
		{AE52B0E4-022D-45E0-AB04-010FACA6C897}.Release|x86.Build.0 = Release|Any CPU
		{E56D0C28-6B47-46AF-8755-0DA44D15D300}.Debug|Any CPU.ActiveCfg = Debug|Any CPU
		{E56D0C28-6B47-46AF-8755-0DA44D15D300}.Debug|Any CPU.Build.0 = Debug|Any CPU
		{E56D0C28-6B47-46AF-8755-0DA44D15D300}.Debug|x64.ActiveCfg = Debug|Any CPU
		{E56D0C28-6B47-46AF-8755-0DA44D15D300}.Debug|x64.Build.0 = Debug|Any CPU
		{E56D0C28-6B47-46AF-8755-0DA44D15D300}.Debug|x86.ActiveCfg = Debug|Any CPU
		{E56D0C28-6B47-46AF-8755-0DA44D15D300}.Debug|x86.Build.0 = Debug|Any CPU
		{E56D0C28-6B47-46AF-8755-0DA44D15D300}.Release|Any CPU.ActiveCfg = Release|Any CPU
		{E56D0C28-6B47-46AF-8755-0DA44D15D300}.Release|Any CPU.Build.0 = Release|Any CPU
		{E56D0C28-6B47-46AF-8755-0DA44D15D300}.Release|x64.ActiveCfg = Release|Any CPU
		{E56D0C28-6B47-46AF-8755-0DA44D15D300}.Release|x64.Build.0 = Release|Any CPU
		{E56D0C28-6B47-46AF-8755-0DA44D15D300}.Release|x86.ActiveCfg = Release|Any CPU
		{E56D0C28-6B47-46AF-8755-0DA44D15D300}.Release|x86.Build.0 = Release|Any CPU
		{6E7C01BA-002D-4291-B544-DA0301AB41DC}.Debug|Any CPU.ActiveCfg = Debug|Any CPU
		{6E7C01BA-002D-4291-B544-DA0301AB41DC}.Debug|Any CPU.Build.0 = Debug|Any CPU
		{6E7C01BA-002D-4291-B544-DA0301AB41DC}.Debug|x64.ActiveCfg = Debug|Any CPU
		{6E7C01BA-002D-4291-B544-DA0301AB41DC}.Debug|x64.Build.0 = Debug|Any CPU
		{6E7C01BA-002D-4291-B544-DA0301AB41DC}.Debug|x86.ActiveCfg = Debug|Any CPU
		{6E7C01BA-002D-4291-B544-DA0301AB41DC}.Debug|x86.Build.0 = Debug|Any CPU
		{6E7C01BA-002D-4291-B544-DA0301AB41DC}.Release|Any CPU.ActiveCfg = Release|Any CPU
		{6E7C01BA-002D-4291-B544-DA0301AB41DC}.Release|Any CPU.Build.0 = Release|Any CPU
		{6E7C01BA-002D-4291-B544-DA0301AB41DC}.Release|x64.ActiveCfg = Release|Any CPU
		{6E7C01BA-002D-4291-B544-DA0301AB41DC}.Release|x64.Build.0 = Release|Any CPU
		{6E7C01BA-002D-4291-B544-DA0301AB41DC}.Release|x86.ActiveCfg = Release|Any CPU
		{6E7C01BA-002D-4291-B544-DA0301AB41DC}.Release|x86.Build.0 = Release|Any CPU
		{CD90B3F3-2D21-4D06-B601-E77D38A58926}.Debug|Any CPU.ActiveCfg = Debug|Any CPU
		{CD90B3F3-2D21-4D06-B601-E77D38A58926}.Debug|Any CPU.Build.0 = Debug|Any CPU
		{CD90B3F3-2D21-4D06-B601-E77D38A58926}.Debug|x64.ActiveCfg = Debug|Any CPU
		{CD90B3F3-2D21-4D06-B601-E77D38A58926}.Debug|x64.Build.0 = Debug|Any CPU
		{CD90B3F3-2D21-4D06-B601-E77D38A58926}.Debug|x86.ActiveCfg = Debug|Any CPU
		{CD90B3F3-2D21-4D06-B601-E77D38A58926}.Debug|x86.Build.0 = Debug|Any CPU
		{CD90B3F3-2D21-4D06-B601-E77D38A58926}.Release|Any CPU.ActiveCfg = Release|Any CPU
		{CD90B3F3-2D21-4D06-B601-E77D38A58926}.Release|Any CPU.Build.0 = Release|Any CPU
		{CD90B3F3-2D21-4D06-B601-E77D38A58926}.Release|x64.ActiveCfg = Release|Any CPU
		{CD90B3F3-2D21-4D06-B601-E77D38A58926}.Release|x64.Build.0 = Release|Any CPU
		{CD90B3F3-2D21-4D06-B601-E77D38A58926}.Release|x86.ActiveCfg = Release|Any CPU
		{CD90B3F3-2D21-4D06-B601-E77D38A58926}.Release|x86.Build.0 = Release|Any CPU
		{909E7A8C-A76A-4203-A79C-C07202C9A409}.Debug|Any CPU.ActiveCfg = Debug|Any CPU
		{909E7A8C-A76A-4203-A79C-C07202C9A409}.Debug|Any CPU.Build.0 = Debug|Any CPU
		{909E7A8C-A76A-4203-A79C-C07202C9A409}.Debug|x64.ActiveCfg = Debug|Any CPU
		{909E7A8C-A76A-4203-A79C-C07202C9A409}.Debug|x64.Build.0 = Debug|Any CPU
		{909E7A8C-A76A-4203-A79C-C07202C9A409}.Debug|x86.ActiveCfg = Debug|Any CPU
		{909E7A8C-A76A-4203-A79C-C07202C9A409}.Debug|x86.Build.0 = Debug|Any CPU
		{909E7A8C-A76A-4203-A79C-C07202C9A409}.Release|Any CPU.ActiveCfg = Release|Any CPU
		{909E7A8C-A76A-4203-A79C-C07202C9A409}.Release|Any CPU.Build.0 = Release|Any CPU
		{909E7A8C-A76A-4203-A79C-C07202C9A409}.Release|x64.ActiveCfg = Release|Any CPU
		{909E7A8C-A76A-4203-A79C-C07202C9A409}.Release|x64.Build.0 = Release|Any CPU
		{909E7A8C-A76A-4203-A79C-C07202C9A409}.Release|x86.ActiveCfg = Release|Any CPU
		{909E7A8C-A76A-4203-A79C-C07202C9A409}.Release|x86.Build.0 = Release|Any CPU
		{D3C2CC0C-050A-4D7B-830A-8A4849C4E0A0}.Debug|Any CPU.ActiveCfg = Debug|Any CPU
		{D3C2CC0C-050A-4D7B-830A-8A4849C4E0A0}.Debug|Any CPU.Build.0 = Debug|Any CPU
		{D3C2CC0C-050A-4D7B-830A-8A4849C4E0A0}.Debug|x64.ActiveCfg = Debug|Any CPU
		{D3C2CC0C-050A-4D7B-830A-8A4849C4E0A0}.Debug|x64.Build.0 = Debug|Any CPU
		{D3C2CC0C-050A-4D7B-830A-8A4849C4E0A0}.Debug|x86.ActiveCfg = Debug|Any CPU
		{D3C2CC0C-050A-4D7B-830A-8A4849C4E0A0}.Debug|x86.Build.0 = Debug|Any CPU
		{D3C2CC0C-050A-4D7B-830A-8A4849C4E0A0}.Release|Any CPU.ActiveCfg = Release|Any CPU
		{D3C2CC0C-050A-4D7B-830A-8A4849C4E0A0}.Release|Any CPU.Build.0 = Release|Any CPU
		{D3C2CC0C-050A-4D7B-830A-8A4849C4E0A0}.Release|x64.ActiveCfg = Release|Any CPU
		{D3C2CC0C-050A-4D7B-830A-8A4849C4E0A0}.Release|x64.Build.0 = Release|Any CPU
		{D3C2CC0C-050A-4D7B-830A-8A4849C4E0A0}.Release|x86.ActiveCfg = Release|Any CPU
		{D3C2CC0C-050A-4D7B-830A-8A4849C4E0A0}.Release|x86.Build.0 = Release|Any CPU
		{F47EC00C-58C9-4E8A-BB80-CDB2C492DBF6}.Debug|Any CPU.ActiveCfg = Debug|Any CPU
		{F47EC00C-58C9-4E8A-BB80-CDB2C492DBF6}.Debug|Any CPU.Build.0 = Debug|Any CPU
		{F47EC00C-58C9-4E8A-BB80-CDB2C492DBF6}.Debug|x64.ActiveCfg = Debug|Any CPU
		{F47EC00C-58C9-4E8A-BB80-CDB2C492DBF6}.Debug|x64.Build.0 = Debug|Any CPU
		{F47EC00C-58C9-4E8A-BB80-CDB2C492DBF6}.Debug|x86.ActiveCfg = Debug|Any CPU
		{F47EC00C-58C9-4E8A-BB80-CDB2C492DBF6}.Debug|x86.Build.0 = Debug|Any CPU
		{F47EC00C-58C9-4E8A-BB80-CDB2C492DBF6}.Release|Any CPU.ActiveCfg = Release|Any CPU
		{F47EC00C-58C9-4E8A-BB80-CDB2C492DBF6}.Release|Any CPU.Build.0 = Release|Any CPU
		{F47EC00C-58C9-4E8A-BB80-CDB2C492DBF6}.Release|x64.ActiveCfg = Release|Any CPU
		{F47EC00C-58C9-4E8A-BB80-CDB2C492DBF6}.Release|x64.Build.0 = Release|Any CPU
		{F47EC00C-58C9-4E8A-BB80-CDB2C492DBF6}.Release|x86.ActiveCfg = Release|Any CPU
		{F47EC00C-58C9-4E8A-BB80-CDB2C492DBF6}.Release|x86.Build.0 = Release|Any CPU
		{CDF31748-EA55-4C67-B571-160F432E592C}.Debug|Any CPU.ActiveCfg = Debug|Any CPU
		{CDF31748-EA55-4C67-B571-160F432E592C}.Debug|Any CPU.Build.0 = Debug|Any CPU
		{CDF31748-EA55-4C67-B571-160F432E592C}.Debug|x64.ActiveCfg = Debug|Any CPU
		{CDF31748-EA55-4C67-B571-160F432E592C}.Debug|x64.Build.0 = Debug|Any CPU
		{CDF31748-EA55-4C67-B571-160F432E592C}.Debug|x86.ActiveCfg = Debug|Any CPU
		{CDF31748-EA55-4C67-B571-160F432E592C}.Debug|x86.Build.0 = Debug|Any CPU
		{CDF31748-EA55-4C67-B571-160F432E592C}.Release|Any CPU.ActiveCfg = Release|Any CPU
		{CDF31748-EA55-4C67-B571-160F432E592C}.Release|Any CPU.Build.0 = Release|Any CPU
		{CDF31748-EA55-4C67-B571-160F432E592C}.Release|x64.ActiveCfg = Release|Any CPU
		{CDF31748-EA55-4C67-B571-160F432E592C}.Release|x64.Build.0 = Release|Any CPU
		{CDF31748-EA55-4C67-B571-160F432E592C}.Release|x86.ActiveCfg = Release|Any CPU
		{CDF31748-EA55-4C67-B571-160F432E592C}.Release|x86.Build.0 = Release|Any CPU
		{45A30CE8-6DBD-4AFB-82C2-E5BD96BB9D4A}.Debug|Any CPU.ActiveCfg = Debug|Any CPU
		{45A30CE8-6DBD-4AFB-82C2-E5BD96BB9D4A}.Debug|Any CPU.Build.0 = Debug|Any CPU
		{45A30CE8-6DBD-4AFB-82C2-E5BD96BB9D4A}.Debug|x64.ActiveCfg = Debug|Any CPU
		{45A30CE8-6DBD-4AFB-82C2-E5BD96BB9D4A}.Debug|x64.Build.0 = Debug|Any CPU
		{45A30CE8-6DBD-4AFB-82C2-E5BD96BB9D4A}.Debug|x86.ActiveCfg = Debug|Any CPU
		{45A30CE8-6DBD-4AFB-82C2-E5BD96BB9D4A}.Debug|x86.Build.0 = Debug|Any CPU
		{45A30CE8-6DBD-4AFB-82C2-E5BD96BB9D4A}.Release|Any CPU.ActiveCfg = Release|Any CPU
		{45A30CE8-6DBD-4AFB-82C2-E5BD96BB9D4A}.Release|Any CPU.Build.0 = Release|Any CPU
		{45A30CE8-6DBD-4AFB-82C2-E5BD96BB9D4A}.Release|x64.ActiveCfg = Release|Any CPU
		{45A30CE8-6DBD-4AFB-82C2-E5BD96BB9D4A}.Release|x64.Build.0 = Release|Any CPU
		{45A30CE8-6DBD-4AFB-82C2-E5BD96BB9D4A}.Release|x86.ActiveCfg = Release|Any CPU
		{45A30CE8-6DBD-4AFB-82C2-E5BD96BB9D4A}.Release|x86.Build.0 = Release|Any CPU
	EndGlobalSection
	GlobalSection(SolutionProperties) = preSolution
		HideSolutionNode = FALSE
	EndGlobalSection
	GlobalSection(NestedProjects) = preSolution
		{E417A9B0-AC34-44BB-8CFB-B4E5D3CE17D2} = {FCDFE7DD-5575-47CA-B4C0-5D02EBA4A4A1}
		{D0ACCE2E-D477-4AAF-86DD-6C2C4900B9EE} = {FCDFE7DD-5575-47CA-B4C0-5D02EBA4A4A1}
		{80AA7007-BD1D-4860-8D73-BA46C906012A} = {FCDFE7DD-5575-47CA-B4C0-5D02EBA4A4A1}
		{25546298-ABBE-41EA-9B62-ABE7C4587D19} = {1CB314F4-5E98-4A3A-8017-FB5F8CD8A76F}
		{FCDFE7DD-5575-47CA-B4C0-5D02EBA4A4A1} = {6D3106CE-B30A-4DC6-88A4-EE7E09370F48}
		{1CB314F4-5E98-4A3A-8017-FB5F8CD8A76F} = {6D3106CE-B30A-4DC6-88A4-EE7E09370F48}
		{AE52B0E4-022D-45E0-AB04-010FACA6C897} = {B514E7EC-7D43-4DD8-97A9-FD520ECB3B7D}
		{E56D0C28-6B47-46AF-8755-0DA44D15D300} = {B514E7EC-7D43-4DD8-97A9-FD520ECB3B7D}
		{6E7C01BA-002D-4291-B544-DA0301AB41DC} = {B514E7EC-7D43-4DD8-97A9-FD520ECB3B7D}
		{CD90B3F3-2D21-4D06-B601-E77D38A58926} = {B514E7EC-7D43-4DD8-97A9-FD520ECB3B7D}
		{909E7A8C-A76A-4203-A79C-C07202C9A409} = {B514E7EC-7D43-4DD8-97A9-FD520ECB3B7D}
		{D3C2CC0C-050A-4D7B-830A-8A4849C4E0A0} = {B514E7EC-7D43-4DD8-97A9-FD520ECB3B7D}
		{F47EC00C-58C9-4E8A-BB80-CDB2C492DBF6} = {B514E7EC-7D43-4DD8-97A9-FD520ECB3B7D}
		{CDF31748-EA55-4C67-B571-160F432E592C} = {B514E7EC-7D43-4DD8-97A9-FD520ECB3B7D}
		{45A30CE8-6DBD-4AFB-82C2-E5BD96BB9D4A} = {B514E7EC-7D43-4DD8-97A9-FD520ECB3B7D}
	EndGlobalSection
	GlobalSection(ExtensibilityGlobals) = postSolution
		SolutionGuid = {BB1F64E9-9827-4B3E-AC78-5D56782B8A7D}
	EndGlobalSection
EndGlobal
