
Microsoft Visual Studio Solution File, Format Version 12.00
# Visual Studio Version 16
VisualStudioVersion = 16.0.30114.105
MinimumVisualStudioVersion = 15.0.26124.0
Project("{2150E333-8FDC-42A3-9474-1A3956D46DE8}") = "TransactionAttribute", "TransactionAttribute", "{EF6BD1E6-C6C1-493E-B52F-2CB27C53EC45}"
EndProject
Project("{9A19103F-16F7-4668-BE54-9A1E7A4F7556}") = "TransactionAttribute.WebApi", "TransactionAttribute\App\TransactionAttribute.WebApi.csproj", "{4E05A12F-79FC-4C53-9DFE-E0543F563B1C}"
EndProject
Project("{9A19103F-16F7-4668-BE54-9A1E7A4F7556}") = "TransactionAttribute.Tests", "TransactionAttribute\Tests\TransactionAttribute.Tests.csproj", "{5927C847-E350-48F4-A393-08C0D165ADEF}"
EndProject
Project("{2150E333-8FDC-42A3-9474-1A3956D46DE8}") = "TardisBank", "TardisBank", "{BE68BD9C-0789-4166-AA5F-C5C1B7C0A5EC}"
EndProject
Project("{2150E333-8FDC-42A3-9474-1A3956D46DE8}") = "Tests", "Tests", "{2A3CD80E-B6B3-456A-BBFF-513153E0CAEA}"
EndProject
Project("{9A19103F-16F7-4668-BE54-9A1E7A4F7556}") = "Suteki.TardisBank.Domain", "TardisBank\Src\Suteki.TardisBank.Domain\Suteki.TardisBank.Domain.csproj", "{417DA004-5D0E-4759-9196-73DF4D45A0C8}"
EndProject
Project("{9A19103F-16F7-4668-BE54-9A1E7A4F7556}") = "Suteki.TardisBank.Infrastructure", "TardisBank\Src\Suteki.TardisBank.Infrastructure\Suteki.TardisBank.Infrastructure.csproj", "{BDB76A6D-7D4A-48E8-88B6-BBEAF8F0C968}"
EndProject
Project("{9A19103F-16F7-4668-BE54-9A1E7A4F7556}") = "Suteki.TardisBank.Tasks", "TardisBank\Src\Suteki.TardisBank.Tasks\Suteki.TardisBank.Tasks.csproj", "{B437F7EA-F58F-4167-8543-C724380A6DDE}"
EndProject
Project("{9A19103F-16F7-4668-BE54-9A1E7A4F7556}") = "Suteki.TardisBank.Tests", "TardisBank\Src\Suteki.TardisBank.Tests\Suteki.TardisBank.Tests.csproj", "{6AB4ABA4-DBB1-4A05-BE4C-894EF9836A29}"
EndProject
Project("{9A19103F-16F7-4668-BE54-9A1E7A4F7556}") = "SharpArch.Domain", "..\Src\Lib\SharpArch.Domain\SharpArch.Domain.csproj", "{FA611294-98F7-4718-8EBE-F6DACF510040}"
EndProject
Project("{9A19103F-16F7-4668-BE54-9A1E7A4F7556}") = "SharpArch.Infrastructure", "..\Src\Lib\SharpArch.Infrastructure\SharpArch.Infrastructure.csproj", "{C0C2A307-73F6-437D-9341-1A014000C023}"
EndProject
Project("{9A19103F-16F7-4668-BE54-9A1E7A4F7556}") = "SharpArch.NHibernate", "..\Src\Lib\SharpArch.NHibernate\SharpArch.NHibernate.csproj", "{E94D2E74-4900-44DD-B114-7C37502F88FA}"
EndProject
Project("{9A19103F-16F7-4668-BE54-9A1E7A4F7556}") = "SharpArch.NHibernate.Extensions.DependencyInjection", "..\Src\Lib\SharpArch.NHibernate.DependencyInjection\SharpArch.NHibernate.Extensions.DependencyInjection.csproj", "{F7BED6C6-ACD4-41C4-8F2C-7FAEFFF53A8A}"
EndProject
Project("{9A19103F-16F7-4668-BE54-9A1E7A4F7556}") = "SharpArch.RavenDb", "..\Src\Lib\SharpArch.RavenDb\SharpArch.RavenDb.csproj", "{CFFD11B3-E73D-4712-9A74-6B4EEE842BD4}"
EndProject
Project("{9A19103F-16F7-4668-BE54-9A1E7A4F7556}") = "SharpArch.Testing", "..\Src\Lib\SharpArch.Testing\SharpArch.Testing.csproj", "{172063A6-E0DD-4F71-8904-FEBEB1B285DC}"
EndProject
Project("{9A19103F-16F7-4668-BE54-9A1E7A4F7556}") = "SharpArch.Testing.NUnit", "..\Src\Lib\SharpArch.Testing.NUnit\SharpArch.Testing.NUnit.csproj", "{7D11D48A-38DA-4933-9670-0D7214DFA843}"
EndProject
Project("{9A19103F-16F7-4668-BE54-9A1E7A4F7556}") = "SharpArch.Testing.Xunit", "..\Src\Lib\SharpArch.Testing.Xunit\SharpArch.Testing.Xunit.csproj", "{A615DFB3-F550-4B40-B90F-D10ED619359F}"
EndProject
Project("{9A19103F-16F7-4668-BE54-9A1E7A4F7556}") = "SharpArch.Testing.Xunit.NHibernate", "..\Src\Lib\SharpArch.Testing.Xunit.NHibernate\SharpArch.Testing.Xunit.NHibernate.csproj", "{0DDF2078-BC4B-4890-9AFC-0407C1D24A0E}"
EndProject
Project("{9A19103F-16F7-4668-BE54-9A1E7A4F7556}") = "SharpArch.Web.AspNetCore", "..\Src\Lib\SharpArch.Web.AspNetCore\SharpArch.Web.AspNetCore.csproj", "{BC957B66-7B0C-44F6-8C03-518B384EB57D}"
EndProject
Project("{2150E333-8FDC-42A3-9474-1A3956D46DE8}") = "SharpArch", "SharpArch", "{F2D26BF7-7343-4A9D-B73F-95506346EC33}"
EndProject
Project("{2150E333-8FDC-42A3-9474-1A3956D46DE8}") = "App", "App", "{E293E82F-0EFA-4FA2-9B44-DBBE98C8C80B}"
EndProject
Project("{2150E333-8FDC-42A3-9474-1A3956D46DE8}") = "Lib", "Lib", "{9AE74228-F582-4798-87CE-CD21B97A1DC1}"
EndProject
Project("{9A19103F-16F7-4668-BE54-9A1E7A4F7556}") = "Suteki.TardisBank.WebApi", "TardisBank\Src\Suteki.TardisBank.WebApi\Suteki.TardisBank.WebApi.csproj", "{E5E563B7-011F-4179-9903-8A055DC73FB7}"
EndProject
Project("{9A19103F-16F7-4668-BE54-9A1E7A4F7556}") = "Suteki.TardisBank.Api", "TardisBank\Src\Suteki.TardisBank.Api\Suteki.TardisBank.Api.csproj", "{186CE571-D7AF-4EAC-8ED6-2DA9B568FE8D}"
EndProject
Global
	GlobalSection(SolutionConfigurationPlatforms) = preSolution
		Debug|Any CPU = Debug|Any CPU
		Debug|x64 = Debug|x64
		Debug|x86 = Debug|x86
		Release|Any CPU = Release|Any CPU
		Release|x64 = Release|x64
		Release|x86 = Release|x86
	EndGlobalSection
	GlobalSection(ProjectConfigurationPlatforms) = postSolution
		{4E05A12F-79FC-4C53-9DFE-E0543F563B1C}.Debug|Any CPU.ActiveCfg = Debug|Any CPU
		{4E05A12F-79FC-4C53-9DFE-E0543F563B1C}.Debug|Any CPU.Build.0 = Debug|Any CPU
		{4E05A12F-79FC-4C53-9DFE-E0543F563B1C}.Debug|x64.ActiveCfg = Debug|Any CPU
		{4E05A12F-79FC-4C53-9DFE-E0543F563B1C}.Debug|x64.Build.0 = Debug|Any CPU
		{4E05A12F-79FC-4C53-9DFE-E0543F563B1C}.Debug|x86.ActiveCfg = Debug|Any CPU
		{4E05A12F-79FC-4C53-9DFE-E0543F563B1C}.Debug|x86.Build.0 = Debug|Any CPU
		{4E05A12F-79FC-4C53-9DFE-E0543F563B1C}.Release|Any CPU.ActiveCfg = Release|Any CPU
		{4E05A12F-79FC-4C53-9DFE-E0543F563B1C}.Release|Any CPU.Build.0 = Release|Any CPU
		{4E05A12F-79FC-4C53-9DFE-E0543F563B1C}.Release|x64.ActiveCfg = Release|Any CPU
		{4E05A12F-79FC-4C53-9DFE-E0543F563B1C}.Release|x64.Build.0 = Release|Any CPU
		{4E05A12F-79FC-4C53-9DFE-E0543F563B1C}.Release|x86.ActiveCfg = Release|Any CPU
		{4E05A12F-79FC-4C53-9DFE-E0543F563B1C}.Release|x86.Build.0 = Release|Any CPU
		{5927C847-E350-48F4-A393-08C0D165ADEF}.Debug|Any CPU.ActiveCfg = Debug|Any CPU
		{5927C847-E350-48F4-A393-08C0D165ADEF}.Debug|Any CPU.Build.0 = Debug|Any CPU
		{5927C847-E350-48F4-A393-08C0D165ADEF}.Debug|x64.ActiveCfg = Debug|Any CPU
		{5927C847-E350-48F4-A393-08C0D165ADEF}.Debug|x64.Build.0 = Debug|Any CPU
		{5927C847-E350-48F4-A393-08C0D165ADEF}.Debug|x86.ActiveCfg = Debug|Any CPU
		{5927C847-E350-48F4-A393-08C0D165ADEF}.Debug|x86.Build.0 = Debug|Any CPU
		{5927C847-E350-48F4-A393-08C0D165ADEF}.Release|Any CPU.ActiveCfg = Release|Any CPU
		{5927C847-E350-48F4-A393-08C0D165ADEF}.Release|Any CPU.Build.0 = Release|Any CPU
		{5927C847-E350-48F4-A393-08C0D165ADEF}.Release|x64.ActiveCfg = Release|Any CPU
		{5927C847-E350-48F4-A393-08C0D165ADEF}.Release|x64.Build.0 = Release|Any CPU
		{5927C847-E350-48F4-A393-08C0D165ADEF}.Release|x86.ActiveCfg = Release|Any CPU
		{5927C847-E350-48F4-A393-08C0D165ADEF}.Release|x86.Build.0 = Release|Any CPU
		{417DA004-5D0E-4759-9196-73DF4D45A0C8}.Debug|Any CPU.ActiveCfg = Debug|Any CPU
		{417DA004-5D0E-4759-9196-73DF4D45A0C8}.Debug|Any CPU.Build.0 = Debug|Any CPU
		{417DA004-5D0E-4759-9196-73DF4D45A0C8}.Debug|x64.ActiveCfg = Debug|Any CPU
		{417DA004-5D0E-4759-9196-73DF4D45A0C8}.Debug|x64.Build.0 = Debug|Any CPU
		{417DA004-5D0E-4759-9196-73DF4D45A0C8}.Debug|x86.ActiveCfg = Debug|Any CPU
		{417DA004-5D0E-4759-9196-73DF4D45A0C8}.Debug|x86.Build.0 = Debug|Any CPU
		{417DA004-5D0E-4759-9196-73DF4D45A0C8}.Release|Any CPU.ActiveCfg = Release|Any CPU
		{417DA004-5D0E-4759-9196-73DF4D45A0C8}.Release|Any CPU.Build.0 = Release|Any CPU
		{417DA004-5D0E-4759-9196-73DF4D45A0C8}.Release|x64.ActiveCfg = Release|Any CPU
		{417DA004-5D0E-4759-9196-73DF4D45A0C8}.Release|x64.Build.0 = Release|Any CPU
		{417DA004-5D0E-4759-9196-73DF4D45A0C8}.Release|x86.ActiveCfg = Release|Any CPU
		{417DA004-5D0E-4759-9196-73DF4D45A0C8}.Release|x86.Build.0 = Release|Any CPU
		{BDB76A6D-7D4A-48E8-88B6-BBEAF8F0C968}.Debug|Any CPU.ActiveCfg = Debug|Any CPU
		{BDB76A6D-7D4A-48E8-88B6-BBEAF8F0C968}.Debug|Any CPU.Build.0 = Debug|Any CPU
		{BDB76A6D-7D4A-48E8-88B6-BBEAF8F0C968}.Debug|x64.ActiveCfg = Debug|Any CPU
		{BDB76A6D-7D4A-48E8-88B6-BBEAF8F0C968}.Debug|x64.Build.0 = Debug|Any CPU
		{BDB76A6D-7D4A-48E8-88B6-BBEAF8F0C968}.Debug|x86.ActiveCfg = Debug|Any CPU
		{BDB76A6D-7D4A-48E8-88B6-BBEAF8F0C968}.Debug|x86.Build.0 = Debug|Any CPU
		{BDB76A6D-7D4A-48E8-88B6-BBEAF8F0C968}.Release|Any CPU.ActiveCfg = Release|Any CPU
		{BDB76A6D-7D4A-48E8-88B6-BBEAF8F0C968}.Release|Any CPU.Build.0 = Release|Any CPU
		{BDB76A6D-7D4A-48E8-88B6-BBEAF8F0C968}.Release|x64.ActiveCfg = Release|Any CPU
		{BDB76A6D-7D4A-48E8-88B6-BBEAF8F0C968}.Release|x64.Build.0 = Release|Any CPU
		{BDB76A6D-7D4A-48E8-88B6-BBEAF8F0C968}.Release|x86.ActiveCfg = Release|Any CPU
		{BDB76A6D-7D4A-48E8-88B6-BBEAF8F0C968}.Release|x86.Build.0 = Release|Any CPU
		{B437F7EA-F58F-4167-8543-C724380A6DDE}.Debug|Any CPU.ActiveCfg = Debug|Any CPU
		{B437F7EA-F58F-4167-8543-C724380A6DDE}.Debug|Any CPU.Build.0 = Debug|Any CPU
		{B437F7EA-F58F-4167-8543-C724380A6DDE}.Debug|x64.ActiveCfg = Debug|Any CPU
		{B437F7EA-F58F-4167-8543-C724380A6DDE}.Debug|x64.Build.0 = Debug|Any CPU
		{B437F7EA-F58F-4167-8543-C724380A6DDE}.Debug|x86.ActiveCfg = Debug|Any CPU
		{B437F7EA-F58F-4167-8543-C724380A6DDE}.Debug|x86.Build.0 = Debug|Any CPU
		{B437F7EA-F58F-4167-8543-C724380A6DDE}.Release|Any CPU.ActiveCfg = Release|Any CPU
		{B437F7EA-F58F-4167-8543-C724380A6DDE}.Release|Any CPU.Build.0 = Release|Any CPU
		{B437F7EA-F58F-4167-8543-C724380A6DDE}.Release|x64.ActiveCfg = Release|Any CPU
		{B437F7EA-F58F-4167-8543-C724380A6DDE}.Release|x64.Build.0 = Release|Any CPU
		{B437F7EA-F58F-4167-8543-C724380A6DDE}.Release|x86.ActiveCfg = Release|Any CPU
		{B437F7EA-F58F-4167-8543-C724380A6DDE}.Release|x86.Build.0 = Release|Any CPU
		{6AB4ABA4-DBB1-4A05-BE4C-894EF9836A29}.Debug|Any CPU.ActiveCfg = Debug|Any CPU
		{6AB4ABA4-DBB1-4A05-BE4C-894EF9836A29}.Debug|Any CPU.Build.0 = Debug|Any CPU
		{6AB4ABA4-DBB1-4A05-BE4C-894EF9836A29}.Debug|x64.ActiveCfg = Debug|Any CPU
		{6AB4ABA4-DBB1-4A05-BE4C-894EF9836A29}.Debug|x64.Build.0 = Debug|Any CPU
		{6AB4ABA4-DBB1-4A05-BE4C-894EF9836A29}.Debug|x86.ActiveCfg = Debug|Any CPU
		{6AB4ABA4-DBB1-4A05-BE4C-894EF9836A29}.Debug|x86.Build.0 = Debug|Any CPU
		{6AB4ABA4-DBB1-4A05-BE4C-894EF9836A29}.Release|Any CPU.ActiveCfg = Release|Any CPU
		{6AB4ABA4-DBB1-4A05-BE4C-894EF9836A29}.Release|Any CPU.Build.0 = Release|Any CPU
		{6AB4ABA4-DBB1-4A05-BE4C-894EF9836A29}.Release|x64.ActiveCfg = Release|Any CPU
		{6AB4ABA4-DBB1-4A05-BE4C-894EF9836A29}.Release|x64.Build.0 = Release|Any CPU
		{6AB4ABA4-DBB1-4A05-BE4C-894EF9836A29}.Release|x86.ActiveCfg = Release|Any CPU
		{6AB4ABA4-DBB1-4A05-BE4C-894EF9836A29}.Release|x86.Build.0 = Release|Any CPU
		{FA611294-98F7-4718-8EBE-F6DACF510040}.Debug|Any CPU.ActiveCfg = Debug|Any CPU
		{FA611294-98F7-4718-8EBE-F6DACF510040}.Debug|Any CPU.Build.0 = Debug|Any CPU
		{FA611294-98F7-4718-8EBE-F6DACF510040}.Debug|x64.ActiveCfg = Debug|Any CPU
		{FA611294-98F7-4718-8EBE-F6DACF510040}.Debug|x64.Build.0 = Debug|Any CPU
		{FA611294-98F7-4718-8EBE-F6DACF510040}.Debug|x86.ActiveCfg = Debug|Any CPU
		{FA611294-98F7-4718-8EBE-F6DACF510040}.Debug|x86.Build.0 = Debug|Any CPU
		{FA611294-98F7-4718-8EBE-F6DACF510040}.Release|Any CPU.ActiveCfg = Release|Any CPU
		{FA611294-98F7-4718-8EBE-F6DACF510040}.Release|Any CPU.Build.0 = Release|Any CPU
		{FA611294-98F7-4718-8EBE-F6DACF510040}.Release|x64.ActiveCfg = Release|Any CPU
		{FA611294-98F7-4718-8EBE-F6DACF510040}.Release|x64.Build.0 = Release|Any CPU
		{FA611294-98F7-4718-8EBE-F6DACF510040}.Release|x86.ActiveCfg = Release|Any CPU
		{FA611294-98F7-4718-8EBE-F6DACF510040}.Release|x86.Build.0 = Release|Any CPU
		{C0C2A307-73F6-437D-9341-1A014000C023}.Debug|Any CPU.ActiveCfg = Debug|Any CPU
		{C0C2A307-73F6-437D-9341-1A014000C023}.Debug|Any CPU.Build.0 = Debug|Any CPU
		{C0C2A307-73F6-437D-9341-1A014000C023}.Debug|x64.ActiveCfg = Debug|Any CPU
		{C0C2A307-73F6-437D-9341-1A014000C023}.Debug|x64.Build.0 = Debug|Any CPU
		{C0C2A307-73F6-437D-9341-1A014000C023}.Debug|x86.ActiveCfg = Debug|Any CPU
		{C0C2A307-73F6-437D-9341-1A014000C023}.Debug|x86.Build.0 = Debug|Any CPU
		{C0C2A307-73F6-437D-9341-1A014000C023}.Release|Any CPU.ActiveCfg = Release|Any CPU
		{C0C2A307-73F6-437D-9341-1A014000C023}.Release|Any CPU.Build.0 = Release|Any CPU
		{C0C2A307-73F6-437D-9341-1A014000C023}.Release|x64.ActiveCfg = Release|Any CPU
		{C0C2A307-73F6-437D-9341-1A014000C023}.Release|x64.Build.0 = Release|Any CPU
		{C0C2A307-73F6-437D-9341-1A014000C023}.Release|x86.ActiveCfg = Release|Any CPU
		{C0C2A307-73F6-437D-9341-1A014000C023}.Release|x86.Build.0 = Release|Any CPU
		{E94D2E74-4900-44DD-B114-7C37502F88FA}.Debug|Any CPU.ActiveCfg = Debug|Any CPU
		{E94D2E74-4900-44DD-B114-7C37502F88FA}.Debug|Any CPU.Build.0 = Debug|Any CPU
		{E94D2E74-4900-44DD-B114-7C37502F88FA}.Debug|x64.ActiveCfg = Debug|Any CPU
		{E94D2E74-4900-44DD-B114-7C37502F88FA}.Debug|x64.Build.0 = Debug|Any CPU
		{E94D2E74-4900-44DD-B114-7C37502F88FA}.Debug|x86.ActiveCfg = Debug|Any CPU
		{E94D2E74-4900-44DD-B114-7C37502F88FA}.Debug|x86.Build.0 = Debug|Any CPU
		{E94D2E74-4900-44DD-B114-7C37502F88FA}.Release|Any CPU.ActiveCfg = Release|Any CPU
		{E94D2E74-4900-44DD-B114-7C37502F88FA}.Release|Any CPU.Build.0 = Release|Any CPU
		{E94D2E74-4900-44DD-B114-7C37502F88FA}.Release|x64.ActiveCfg = Release|Any CPU
		{E94D2E74-4900-44DD-B114-7C37502F88FA}.Release|x64.Build.0 = Release|Any CPU
		{E94D2E74-4900-44DD-B114-7C37502F88FA}.Release|x86.ActiveCfg = Release|Any CPU
		{E94D2E74-4900-44DD-B114-7C37502F88FA}.Release|x86.Build.0 = Release|Any CPU
		{F7BED6C6-ACD4-41C4-8F2C-7FAEFFF53A8A}.Debug|Any CPU.ActiveCfg = Debug|Any CPU
		{F7BED6C6-ACD4-41C4-8F2C-7FAEFFF53A8A}.Debug|Any CPU.Build.0 = Debug|Any CPU
		{F7BED6C6-ACD4-41C4-8F2C-7FAEFFF53A8A}.Debug|x64.ActiveCfg = Debug|Any CPU
		{F7BED6C6-ACD4-41C4-8F2C-7FAEFFF53A8A}.Debug|x64.Build.0 = Debug|Any CPU
		{F7BED6C6-ACD4-41C4-8F2C-7FAEFFF53A8A}.Debug|x86.ActiveCfg = Debug|Any CPU
		{F7BED6C6-ACD4-41C4-8F2C-7FAEFFF53A8A}.Debug|x86.Build.0 = Debug|Any CPU
		{F7BED6C6-ACD4-41C4-8F2C-7FAEFFF53A8A}.Release|Any CPU.ActiveCfg = Release|Any CPU
		{F7BED6C6-ACD4-41C4-8F2C-7FAEFFF53A8A}.Release|Any CPU.Build.0 = Release|Any CPU
		{F7BED6C6-ACD4-41C4-8F2C-7FAEFFF53A8A}.Release|x64.ActiveCfg = Release|Any CPU
		{F7BED6C6-ACD4-41C4-8F2C-7FAEFFF53A8A}.Release|x64.Build.0 = Release|Any CPU
		{F7BED6C6-ACD4-41C4-8F2C-7FAEFFF53A8A}.Release|x86.ActiveCfg = Release|Any CPU
		{F7BED6C6-ACD4-41C4-8F2C-7FAEFFF53A8A}.Release|x86.Build.0 = Release|Any CPU
		{CFFD11B3-E73D-4712-9A74-6B4EEE842BD4}.Debug|Any CPU.ActiveCfg = Debug|Any CPU
		{CFFD11B3-E73D-4712-9A74-6B4EEE842BD4}.Debug|Any CPU.Build.0 = Debug|Any CPU
		{CFFD11B3-E73D-4712-9A74-6B4EEE842BD4}.Debug|x64.ActiveCfg = Debug|Any CPU
		{CFFD11B3-E73D-4712-9A74-6B4EEE842BD4}.Debug|x64.Build.0 = Debug|Any CPU
		{CFFD11B3-E73D-4712-9A74-6B4EEE842BD4}.Debug|x86.ActiveCfg = Debug|Any CPU
		{CFFD11B3-E73D-4712-9A74-6B4EEE842BD4}.Debug|x86.Build.0 = Debug|Any CPU
		{CFFD11B3-E73D-4712-9A74-6B4EEE842BD4}.Release|Any CPU.ActiveCfg = Release|Any CPU
		{CFFD11B3-E73D-4712-9A74-6B4EEE842BD4}.Release|Any CPU.Build.0 = Release|Any CPU
		{CFFD11B3-E73D-4712-9A74-6B4EEE842BD4}.Release|x64.ActiveCfg = Release|Any CPU
		{CFFD11B3-E73D-4712-9A74-6B4EEE842BD4}.Release|x64.Build.0 = Release|Any CPU
		{CFFD11B3-E73D-4712-9A74-6B4EEE842BD4}.Release|x86.ActiveCfg = Release|Any CPU
		{CFFD11B3-E73D-4712-9A74-6B4EEE842BD4}.Release|x86.Build.0 = Release|Any CPU
		{172063A6-E0DD-4F71-8904-FEBEB1B285DC}.Debug|Any CPU.ActiveCfg = Debug|Any CPU
		{172063A6-E0DD-4F71-8904-FEBEB1B285DC}.Debug|Any CPU.Build.0 = Debug|Any CPU
		{172063A6-E0DD-4F71-8904-FEBEB1B285DC}.Debug|x64.ActiveCfg = Debug|Any CPU
		{172063A6-E0DD-4F71-8904-FEBEB1B285DC}.Debug|x64.Build.0 = Debug|Any CPU
		{172063A6-E0DD-4F71-8904-FEBEB1B285DC}.Debug|x86.ActiveCfg = Debug|Any CPU
		{172063A6-E0DD-4F71-8904-FEBEB1B285DC}.Debug|x86.Build.0 = Debug|Any CPU
		{172063A6-E0DD-4F71-8904-FEBEB1B285DC}.Release|Any CPU.ActiveCfg = Release|Any CPU
		{172063A6-E0DD-4F71-8904-FEBEB1B285DC}.Release|Any CPU.Build.0 = Release|Any CPU
		{172063A6-E0DD-4F71-8904-FEBEB1B285DC}.Release|x64.ActiveCfg = Release|Any CPU
		{172063A6-E0DD-4F71-8904-FEBEB1B285DC}.Release|x64.Build.0 = Release|Any CPU
		{172063A6-E0DD-4F71-8904-FEBEB1B285DC}.Release|x86.ActiveCfg = Release|Any CPU
		{172063A6-E0DD-4F71-8904-FEBEB1B285DC}.Release|x86.Build.0 = Release|Any CPU
		{7D11D48A-38DA-4933-9670-0D7214DFA843}.Debug|Any CPU.ActiveCfg = Debug|Any CPU
		{7D11D48A-38DA-4933-9670-0D7214DFA843}.Debug|Any CPU.Build.0 = Debug|Any CPU
		{7D11D48A-38DA-4933-9670-0D7214DFA843}.Debug|x64.ActiveCfg = Debug|Any CPU
		{7D11D48A-38DA-4933-9670-0D7214DFA843}.Debug|x64.Build.0 = Debug|Any CPU
		{7D11D48A-38DA-4933-9670-0D7214DFA843}.Debug|x86.ActiveCfg = Debug|Any CPU
		{7D11D48A-38DA-4933-9670-0D7214DFA843}.Debug|x86.Build.0 = Debug|Any CPU
		{7D11D48A-38DA-4933-9670-0D7214DFA843}.Release|Any CPU.ActiveCfg = Release|Any CPU
		{7D11D48A-38DA-4933-9670-0D7214DFA843}.Release|Any CPU.Build.0 = Release|Any CPU
		{7D11D48A-38DA-4933-9670-0D7214DFA843}.Release|x64.ActiveCfg = Release|Any CPU
		{7D11D48A-38DA-4933-9670-0D7214DFA843}.Release|x64.Build.0 = Release|Any CPU
		{7D11D48A-38DA-4933-9670-0D7214DFA843}.Release|x86.ActiveCfg = Release|Any CPU
		{7D11D48A-38DA-4933-9670-0D7214DFA843}.Release|x86.Build.0 = Release|Any CPU
		{A615DFB3-F550-4B40-B90F-D10ED619359F}.Debug|Any CPU.ActiveCfg = Debug|Any CPU
		{A615DFB3-F550-4B40-B90F-D10ED619359F}.Debug|Any CPU.Build.0 = Debug|Any CPU
		{A615DFB3-F550-4B40-B90F-D10ED619359F}.Debug|x64.ActiveCfg = Debug|Any CPU
		{A615DFB3-F550-4B40-B90F-D10ED619359F}.Debug|x64.Build.0 = Debug|Any CPU
		{A615DFB3-F550-4B40-B90F-D10ED619359F}.Debug|x86.ActiveCfg = Debug|Any CPU
		{A615DFB3-F550-4B40-B90F-D10ED619359F}.Debug|x86.Build.0 = Debug|Any CPU
		{A615DFB3-F550-4B40-B90F-D10ED619359F}.Release|Any CPU.ActiveCfg = Release|Any CPU
		{A615DFB3-F550-4B40-B90F-D10ED619359F}.Release|Any CPU.Build.0 = Release|Any CPU
		{A615DFB3-F550-4B40-B90F-D10ED619359F}.Release|x64.ActiveCfg = Release|Any CPU
		{A615DFB3-F550-4B40-B90F-D10ED619359F}.Release|x64.Build.0 = Release|Any CPU
		{A615DFB3-F550-4B40-B90F-D10ED619359F}.Release|x86.ActiveCfg = Release|Any CPU
		{A615DFB3-F550-4B40-B90F-D10ED619359F}.Release|x86.Build.0 = Release|Any CPU
		{0DDF2078-BC4B-4890-9AFC-0407C1D24A0E}.Debug|Any CPU.ActiveCfg = Debug|Any CPU
		{0DDF2078-BC4B-4890-9AFC-0407C1D24A0E}.Debug|Any CPU.Build.0 = Debug|Any CPU
		{0DDF2078-BC4B-4890-9AFC-0407C1D24A0E}.Debug|x64.ActiveCfg = Debug|Any CPU
		{0DDF2078-BC4B-4890-9AFC-0407C1D24A0E}.Debug|x64.Build.0 = Debug|Any CPU
		{0DDF2078-BC4B-4890-9AFC-0407C1D24A0E}.Debug|x86.ActiveCfg = Debug|Any CPU
		{0DDF2078-BC4B-4890-9AFC-0407C1D24A0E}.Debug|x86.Build.0 = Debug|Any CPU
		{0DDF2078-BC4B-4890-9AFC-0407C1D24A0E}.Release|Any CPU.ActiveCfg = Release|Any CPU
		{0DDF2078-BC4B-4890-9AFC-0407C1D24A0E}.Release|Any CPU.Build.0 = Release|Any CPU
		{0DDF2078-BC4B-4890-9AFC-0407C1D24A0E}.Release|x64.ActiveCfg = Release|Any CPU
		{0DDF2078-BC4B-4890-9AFC-0407C1D24A0E}.Release|x64.Build.0 = Release|Any CPU
		{0DDF2078-BC4B-4890-9AFC-0407C1D24A0E}.Release|x86.ActiveCfg = Release|Any CPU
		{0DDF2078-BC4B-4890-9AFC-0407C1D24A0E}.Release|x86.Build.0 = Release|Any CPU
		{BC957B66-7B0C-44F6-8C03-518B384EB57D}.Debug|Any CPU.ActiveCfg = Debug|Any CPU
		{BC957B66-7B0C-44F6-8C03-518B384EB57D}.Debug|Any CPU.Build.0 = Debug|Any CPU
		{BC957B66-7B0C-44F6-8C03-518B384EB57D}.Debug|x64.ActiveCfg = Debug|Any CPU
		{BC957B66-7B0C-44F6-8C03-518B384EB57D}.Debug|x64.Build.0 = Debug|Any CPU
		{BC957B66-7B0C-44F6-8C03-518B384EB57D}.Debug|x86.ActiveCfg = Debug|Any CPU
		{BC957B66-7B0C-44F6-8C03-518B384EB57D}.Debug|x86.Build.0 = Debug|Any CPU
		{BC957B66-7B0C-44F6-8C03-518B384EB57D}.Release|Any CPU.ActiveCfg = Release|Any CPU
		{BC957B66-7B0C-44F6-8C03-518B384EB57D}.Release|Any CPU.Build.0 = Release|Any CPU
		{BC957B66-7B0C-44F6-8C03-518B384EB57D}.Release|x64.ActiveCfg = Release|Any CPU
		{BC957B66-7B0C-44F6-8C03-518B384EB57D}.Release|x64.Build.0 = Release|Any CPU
		{BC957B66-7B0C-44F6-8C03-518B384EB57D}.Release|x86.ActiveCfg = Release|Any CPU
		{BC957B66-7B0C-44F6-8C03-518B384EB57D}.Release|x86.Build.0 = Release|Any CPU
		{E5E563B7-011F-4179-9903-8A055DC73FB7}.Debug|Any CPU.ActiveCfg = Debug|Any CPU
		{E5E563B7-011F-4179-9903-8A055DC73FB7}.Debug|Any CPU.Build.0 = Debug|Any CPU
		{E5E563B7-011F-4179-9903-8A055DC73FB7}.Debug|x64.ActiveCfg = Debug|Any CPU
		{E5E563B7-011F-4179-9903-8A055DC73FB7}.Debug|x64.Build.0 = Debug|Any CPU
		{E5E563B7-011F-4179-9903-8A055DC73FB7}.Debug|x86.ActiveCfg = Debug|Any CPU
		{E5E563B7-011F-4179-9903-8A055DC73FB7}.Debug|x86.Build.0 = Debug|Any CPU
		{E5E563B7-011F-4179-9903-8A055DC73FB7}.Release|Any CPU.ActiveCfg = Release|Any CPU
		{E5E563B7-011F-4179-9903-8A055DC73FB7}.Release|Any CPU.Build.0 = Release|Any CPU
		{E5E563B7-011F-4179-9903-8A055DC73FB7}.Release|x64.ActiveCfg = Release|Any CPU
		{E5E563B7-011F-4179-9903-8A055DC73FB7}.Release|x64.Build.0 = Release|Any CPU
		{E5E563B7-011F-4179-9903-8A055DC73FB7}.Release|x86.ActiveCfg = Release|Any CPU
		{E5E563B7-011F-4179-9903-8A055DC73FB7}.Release|x86.Build.0 = Release|Any CPU
		{186CE571-D7AF-4EAC-8ED6-2DA9B568FE8D}.Debug|Any CPU.ActiveCfg = Debug|Any CPU
		{186CE571-D7AF-4EAC-8ED6-2DA9B568FE8D}.Debug|Any CPU.Build.0 = Debug|Any CPU
		{186CE571-D7AF-4EAC-8ED6-2DA9B568FE8D}.Debug|x64.ActiveCfg = Debug|Any CPU
		{186CE571-D7AF-4EAC-8ED6-2DA9B568FE8D}.Debug|x64.Build.0 = Debug|Any CPU
		{186CE571-D7AF-4EAC-8ED6-2DA9B568FE8D}.Debug|x86.ActiveCfg = Debug|Any CPU
		{186CE571-D7AF-4EAC-8ED6-2DA9B568FE8D}.Debug|x86.Build.0 = Debug|Any CPU
		{186CE571-D7AF-4EAC-8ED6-2DA9B568FE8D}.Release|Any CPU.ActiveCfg = Release|Any CPU
		{186CE571-D7AF-4EAC-8ED6-2DA9B568FE8D}.Release|Any CPU.Build.0 = Release|Any CPU
		{186CE571-D7AF-4EAC-8ED6-2DA9B568FE8D}.Release|x64.ActiveCfg = Release|Any CPU
		{186CE571-D7AF-4EAC-8ED6-2DA9B568FE8D}.Release|x64.Build.0 = Release|Any CPU
		{186CE571-D7AF-4EAC-8ED6-2DA9B568FE8D}.Release|x86.ActiveCfg = Release|Any CPU
		{186CE571-D7AF-4EAC-8ED6-2DA9B568FE8D}.Release|x86.Build.0 = Release|Any CPU
	EndGlobalSection
	GlobalSection(SolutionProperties) = preSolution
		HideSolutionNode = FALSE
	EndGlobalSection
	GlobalSection(NestedProjects) = preSolution
		{4E05A12F-79FC-4C53-9DFE-E0543F563B1C} = {EF6BD1E6-C6C1-493E-B52F-2CB27C53EC45}
		{5927C847-E350-48F4-A393-08C0D165ADEF} = {EF6BD1E6-C6C1-493E-B52F-2CB27C53EC45}
		{2A3CD80E-B6B3-456A-BBFF-513153E0CAEA} = {BE68BD9C-0789-4166-AA5F-C5C1B7C0A5EC}
		{417DA004-5D0E-4759-9196-73DF4D45A0C8} = {9AE74228-F582-4798-87CE-CD21B97A1DC1}
		{BDB76A6D-7D4A-48E8-88B6-BBEAF8F0C968} = {9AE74228-F582-4798-87CE-CD21B97A1DC1}
		{B437F7EA-F58F-4167-8543-C724380A6DDE} = {9AE74228-F582-4798-87CE-CD21B97A1DC1}
		{6AB4ABA4-DBB1-4A05-BE4C-894EF9836A29} = {2A3CD80E-B6B3-456A-BBFF-513153E0CAEA}
		{FA611294-98F7-4718-8EBE-F6DACF510040} = {F2D26BF7-7343-4A9D-B73F-95506346EC33}
		{C0C2A307-73F6-437D-9341-1A014000C023} = {F2D26BF7-7343-4A9D-B73F-95506346EC33}
		{E94D2E74-4900-44DD-B114-7C37502F88FA} = {F2D26BF7-7343-4A9D-B73F-95506346EC33}
		{F7BED6C6-ACD4-41C4-8F2C-7FAEFFF53A8A} = {F2D26BF7-7343-4A9D-B73F-95506346EC33}
		{CFFD11B3-E73D-4712-9A74-6B4EEE842BD4} = {F2D26BF7-7343-4A9D-B73F-95506346EC33}
		{172063A6-E0DD-4F71-8904-FEBEB1B285DC} = {F2D26BF7-7343-4A9D-B73F-95506346EC33}
		{7D11D48A-38DA-4933-9670-0D7214DFA843} = {F2D26BF7-7343-4A9D-B73F-95506346EC33}
		{A615DFB3-F550-4B40-B90F-D10ED619359F} = {F2D26BF7-7343-4A9D-B73F-95506346EC33}
		{0DDF2078-BC4B-4890-9AFC-0407C1D24A0E} = {F2D26BF7-7343-4A9D-B73F-95506346EC33}
		{BC957B66-7B0C-44F6-8C03-518B384EB57D} = {F2D26BF7-7343-4A9D-B73F-95506346EC33}
		{E293E82F-0EFA-4FA2-9B44-DBBE98C8C80B} = {BE68BD9C-0789-4166-AA5F-C5C1B7C0A5EC}
		{9AE74228-F582-4798-87CE-CD21B97A1DC1} = {BE68BD9C-0789-4166-AA5F-C5C1B7C0A5EC}
		{E5E563B7-011F-4179-9903-8A055DC73FB7} = {E293E82F-0EFA-4FA2-9B44-DBBE98C8C80B}
		{186CE571-D7AF-4EAC-8ED6-2DA9B568FE8D} = {9AE74228-F582-4798-87CE-CD21B97A1DC1}
	EndGlobalSection
	GlobalSection(ExtensibilityGlobals) = postSolution
		SolutionGuid = {021BFFFD-0D44-4D2F-9F88-1DEF6C51BC84}
	EndGlobalSection
EndGlobal
