
Microsoft Visual Studio Solution File, Format Version 10.00
# Visual Studio 2008
Project("{FAE04EC0-301F-11D3-BF4B-00C04F79EFBC}") = "ProjectBase.Core", "ProjectBase.Core\ProjectBase.Core.csproj", "{E12E99BB-8732-441F-B3A6-861F0CE23D3D}"
EndProject
Project("{FAE04EC0-301F-11D3-BF4B-00C04F79EFBC}") = "ProjectBase.Data", "ProjectBase.Data\ProjectBase.Data.csproj", "{FD9CF06F-A44D-494C-AC23-AE278F9268B6}"
EndProject
Project("{FAE04EC0-301F-11D3-BF4B-00C04F79EFBC}") = "ProjectBase.Web", "ProjectBase.Web\ProjectBase.Web.csproj", "{BF4E3D18-2EFB-49E3-9D8D-0F9F9BE1094A}"
EndProject
Global
	GlobalSection(SolutionConfigurationPlatforms) = preSolution
		Debug|Any CPU = Debug|Any CPU
		Release|Any CPU = Release|Any CPU
	EndGlobalSection
	GlobalSection(ProjectConfigurationPlatforms) = postSolution
		{E12E99BB-8732-441F-B3A6-861F0CE23D3D}.Debug|Any CPU.ActiveCfg = Debug|Any CPU
		{E12E99BB-8732-441F-B3A6-861F0CE23D3D}.Debug|Any CPU.Build.0 = Debug|Any CPU
		{E12E99BB-8732-441F-B3A6-861F0CE23D3D}.Release|Any CPU.ActiveCfg = Release|Any CPU
		{E12E99BB-8732-441F-B3A6-861F0CE23D3D}.Release|Any CPU.Build.0 = Release|Any CPU
		{FD9CF06F-A44D-494C-AC23-AE278F9268B6}.Debug|Any CPU.ActiveCfg = Debug|Any CPU
		{FD9CF06F-A44D-494C-AC23-AE278F9268B6}.Debug|Any CPU.Build.0 = Debug|Any CPU
		{FD9CF06F-A44D-494C-AC23-AE278F9268B6}.Release|Any CPU.ActiveCfg = Release|Any CPU
		{FD9CF06F-A44D-494C-AC23-AE278F9268B6}.Release|Any CPU.Build.0 = Release|Any CPU
		{BF4E3D18-2EFB-49E3-9D8D-0F9F9BE1094A}.Debug|Any CPU.ActiveCfg = Debug|Any CPU
		{BF4E3D18-2EFB-49E3-9D8D-0F9F9BE1094A}.Debug|Any CPU.Build.0 = Debug|Any CPU
		{BF4E3D18-2EFB-49E3-9D8D-0F9F9BE1094A}.Release|Any CPU.ActiveCfg = Release|Any CPU
		{BF4E3D18-2EFB-49E3-9D8D-0F9F9BE1094A}.Release|Any CPU.Build.0 = Release|Any CPU
	EndGlobalSection
	GlobalSection(SolutionProperties) = preSolution
		HideSolutionNode = FALSE
	EndGlobalSection
EndGlobal
