
Microsoft Visual Studio Solution File, Format Version 10.00
# Visual Studio 2008
Project("{FAE04EC0-301F-11D3-BF4B-00C04F79EFBC}") = "Northwind.Core", "app\Northwind.Core\Northwind.Core.csproj", "{8836C834-27B7-49C9-8AA0-81A14CF1E590}"
EndProject
Project("{FAE04EC0-301F-11D3-BF4B-00C04F79EFBC}") = "Northwind.ApplicationServices", "app\Northwind.ApplicationServices\Northwind.ApplicationServices.csproj", "{AF2257E9-F582-48D1-A79D-C8B1932CFD3B}"
EndProject
Project("{FAE04EC0-301F-11D3-BF4B-00C04F79EFBC}") = "Northwind.Data", "app\Northwind.Data\Northwind.Data.csproj", "{581F2160-AC2A-4FD3-B5D8-81C2859C3F11}"
EndProject
Project("{FAE04EC0-301F-11D3-BF4B-00C04F79EFBC}") = "Northwind.Web.Controllers", "app\Northwind.Web.Controllers\Northwind.Web.Controllers.csproj", "{DF94B3A7-2B3F-44E8-B466-2000CC52F124}"
EndProject
Project("{FAE04EC0-301F-11D3-BF4B-00C04F79EFBC}") = "Northwind.Tests", "tests\Northwind.Tests\Northwind.Tests.csproj", "{C64AADC4-A54B-484B-A926-3CC425D17A10}"
EndProject
Project("{2150E333-8FDC-42A3-9474-1A3956D46DE8}") = "Code Generation", "Code Generation", "{6BD71AA5-5125-4B15-A1FF-7507F47DE5ED}"
EndProject
Project("{FAE04EC0-301F-11D3-BF4B-00C04F79EFBC}") = "CrudScaffolding", "tools\CrudScaffolding\CrudScaffolding.csproj", "{F506AAD6-2118-4D9A-967B-71DF003F812A}"
EndProject
Project("{FAE04EC0-301F-11D3-BF4B-00C04F79EFBC}") = "Northwind.Web", "app\Northwind.Web\Northwind.Web.csproj", "{59301D2D-C3CA-4DAE-BC2A-CD450038738C}"
EndProject
Project("{FAE04EC0-301F-11D3-BF4B-00C04F79EFBC}") = "Northwind.Wcf", "app\Northwind.Wcf\Northwind.Wcf.csproj", "{7AB75E1D-30D2-4DF5-A2E6-03916FB24BBA}"
EndProject
Project("{FAE04EC0-301F-11D3-BF4B-00C04F79EFBC}") = "Northwind.Wcf.Web", "app\Northwind.Wcf.Web\Northwind.Wcf.Web.csproj", "{BEE73053-51E5-413B-9931-A080930E4A69}"
EndProject
Global
	GlobalSection(SolutionConfigurationPlatforms) = preSolution
		Debug|Any CPU = Debug|Any CPU
		Release|Any CPU = Release|Any CPU
	EndGlobalSection
	GlobalSection(ProjectConfigurationPlatforms) = postSolution
		{8836C834-27B7-49C9-8AA0-81A14CF1E590}.Debug|Any CPU.ActiveCfg = Debug|Any CPU
		{8836C834-27B7-49C9-8AA0-81A14CF1E590}.Debug|Any CPU.Build.0 = Debug|Any CPU
		{8836C834-27B7-49C9-8AA0-81A14CF1E590}.Release|Any CPU.ActiveCfg = Release|Any CPU
		{8836C834-27B7-49C9-8AA0-81A14CF1E590}.Release|Any CPU.Build.0 = Release|Any CPU
		{AF2257E9-F582-48D1-A79D-C8B1932CFD3B}.Debug|Any CPU.ActiveCfg = Debug|Any CPU
		{AF2257E9-F582-48D1-A79D-C8B1932CFD3B}.Debug|Any CPU.Build.0 = Debug|Any CPU
		{AF2257E9-F582-48D1-A79D-C8B1932CFD3B}.Release|Any CPU.ActiveCfg = Release|Any CPU
		{AF2257E9-F582-48D1-A79D-C8B1932CFD3B}.Release|Any CPU.Build.0 = Release|Any CPU
		{581F2160-AC2A-4FD3-B5D8-81C2859C3F11}.Debug|Any CPU.ActiveCfg = Debug|Any CPU
		{581F2160-AC2A-4FD3-B5D8-81C2859C3F11}.Debug|Any CPU.Build.0 = Debug|Any CPU
		{581F2160-AC2A-4FD3-B5D8-81C2859C3F11}.Release|Any CPU.ActiveCfg = Release|Any CPU
		{581F2160-AC2A-4FD3-B5D8-81C2859C3F11}.Release|Any CPU.Build.0 = Release|Any CPU
		{DF94B3A7-2B3F-44E8-B466-2000CC52F124}.Debug|Any CPU.ActiveCfg = Debug|Any CPU
		{DF94B3A7-2B3F-44E8-B466-2000CC52F124}.Debug|Any CPU.Build.0 = Debug|Any CPU
		{DF94B3A7-2B3F-44E8-B466-2000CC52F124}.Release|Any CPU.ActiveCfg = Release|Any CPU
		{DF94B3A7-2B3F-44E8-B466-2000CC52F124}.Release|Any CPU.Build.0 = Release|Any CPU
		{C64AADC4-A54B-484B-A926-3CC425D17A10}.Debug|Any CPU.ActiveCfg = Debug|Any CPU
		{C64AADC4-A54B-484B-A926-3CC425D17A10}.Debug|Any CPU.Build.0 = Debug|Any CPU
		{C64AADC4-A54B-484B-A926-3CC425D17A10}.Release|Any CPU.ActiveCfg = Release|Any CPU
		{C64AADC4-A54B-484B-A926-3CC425D17A10}.Release|Any CPU.Build.0 = Release|Any CPU
		{F506AAD6-2118-4D9A-967B-71DF003F812A}.Debug|Any CPU.ActiveCfg = Debug|Any CPU
		{F506AAD6-2118-4D9A-967B-71DF003F812A}.Release|Any CPU.ActiveCfg = Release|Any CPU
		{59301D2D-C3CA-4DAE-BC2A-CD450038738C}.Debug|Any CPU.ActiveCfg = Debug|Any CPU
		{59301D2D-C3CA-4DAE-BC2A-CD450038738C}.Debug|Any CPU.Build.0 = Debug|Any CPU
		{59301D2D-C3CA-4DAE-BC2A-CD450038738C}.Release|Any CPU.ActiveCfg = Release|Any CPU
		{59301D2D-C3CA-4DAE-BC2A-CD450038738C}.Release|Any CPU.Build.0 = Release|Any CPU
		{7AB75E1D-30D2-4DF5-A2E6-03916FB24BBA}.Debug|Any CPU.ActiveCfg = Debug|Any CPU
		{7AB75E1D-30D2-4DF5-A2E6-03916FB24BBA}.Debug|Any CPU.Build.0 = Debug|Any CPU
		{7AB75E1D-30D2-4DF5-A2E6-03916FB24BBA}.Release|Any CPU.ActiveCfg = Release|Any CPU
		{7AB75E1D-30D2-4DF5-A2E6-03916FB24BBA}.Release|Any CPU.Build.0 = Release|Any CPU
		{BEE73053-51E5-413B-9931-A080930E4A69}.Debug|Any CPU.ActiveCfg = Debug|Any CPU
		{BEE73053-51E5-413B-9931-A080930E4A69}.Debug|Any CPU.Build.0 = Debug|Any CPU
		{BEE73053-51E5-413B-9931-A080930E4A69}.Release|Any CPU.ActiveCfg = Release|Any CPU
		{BEE73053-51E5-413B-9931-A080930E4A69}.Release|Any CPU.Build.0 = Release|Any CPU
	EndGlobalSection
	GlobalSection(SolutionProperties) = preSolution
		HideSolutionNode = FALSE
	EndGlobalSection
	GlobalSection(NestedProjects) = preSolution
		{F506AAD6-2118-4D9A-967B-71DF003F812A} = {6BD71AA5-5125-4B15-A1FF-7507F47DE5ED}
	EndGlobalSection
EndGlobal
