
Microsoft Visual Studio Solution File, Format Version 12.00
# Visual Studio Version 16
VisualStudioVersion = 16.0.29306.81
MinimumVisualStudioVersion = 10.0.40219.1
Project("{2150E333-8FDC-42A3-9474-1A3956D46DE8}") = "SharpArch", "SharpArch", "{B33554BD-5B88-4BB2-96E0-9FD2F47FBA07}"
EndProject
Project("{2150E333-8FDC-42A3-9474-1A3956D46DE8}") = "Tests", "Tests", "{1E0FC93D-9540-42B7-B639-5F7E0ABC4B75}"
EndProject
Project("{2150E333-8FDC-42A3-9474-1A3956D46DE8}") = "Solution Items", "Solution Items", "{1F1FEDCB-8D3B-4157-A74D-D365BCF2CD07}"
	ProjectSection(SolutionItems) = preProject
		..\appveyor.yml = ..\appveyor.yml
		..\build.cake = ..\build.cake
		..\cake.config = ..\cake.config
		..\CONTRIBUTING.md = ..\CONTRIBUTING.md
		..\Directory.Build.props = ..\Directory.Build.props
		..\README.md = ..\README.md
	EndProjectSection
EndProject
Project("{2150E333-8FDC-42A3-9474-1A3956D46DE8}") = "Docker", "Docker", "{86944ABF-01A1-4A33-B7BF-2945791D8BFD}"
	ProjectSection(SolutionItems) = preProject
		..\Docker\create_database.sql = ..\Docker\create_database.sql
		..\Docker\start-mssql.ps1 = ..\Docker\start-mssql.ps1
	EndProjectSection
EndProject
Project("{2150E333-8FDC-42A3-9474-1A3956D46DE8}") = "Samples", "Samples", "{AE33464B-23DE-40DE-94A7-2A236A738F9B}"
EndProject
Project("{2150E333-8FDC-42A3-9474-1A3956D46DE8}") = "WebApi", "WebApi", "{B67ED282-68EA-46AD-996E-3C687DB9A7FB}"
EndProject
Project("{9A19103F-16F7-4668-BE54-9A1E7A4F7556}") = "SharpArch.Domain", "SharpArch.Domain\SharpArch.Domain.csproj", "{8E7A0FBD-F643-4793-B05C-7B740DC98C2A}"
EndProject
Project("{9A19103F-16F7-4668-BE54-9A1E7A4F7556}") = "SharpArch.Testing.NUnit", "SharpArch.Testing.NUnit\SharpArch.Testing.NUnit.csproj", "{F5DF8FC7-7CFA-48FC-8A3B-6BFBFBEF2362}"
EndProject
Project("{9A19103F-16F7-4668-BE54-9A1E7A4F7556}") = "SharpArch.NHibernate", "SharpArch.NHibernate\SharpArch.NHibernate.csproj", "{74B5ABD8-CD58-4D8B-B872-08FFE3F19311}"
EndProject
Project("{9A19103F-16F7-4668-BE54-9A1E7A4F7556}") = "SharpArch.RavenDb", "SharpArch.RavenDb\SharpArch.RavenDb.csproj", "{7DD611C9-22A4-4545-B4E5-761F843D92C5}"
EndProject
Project("{9A19103F-16F7-4668-BE54-9A1E7A4F7556}") = "SharpArch.Web.AspNetCore", "SharpArch.Web.AspNetCore\SharpArch.Web.AspNetCore.csproj", "{685D5CA7-3492-4386-B8DC-37116BA234CE}"
EndProject
Project("{9A19103F-16F7-4668-BE54-9A1E7A4F7556}") = "SharpArch.Testing", "SharpArch.Testing\SharpArch.Testing.csproj", "{1E09DC26-B287-48CE-948D-645C06053474}"
EndProject
Project("{9A19103F-16F7-4668-BE54-9A1E7A4F7556}") = "SharpArch.XunitTests", "Tests\SharpArch.XunitTests\SharpArch.XunitTests.csproj", "{D9AF4843-E81B-4E91-84A7-A2326346D1BA}"
EndProject
Project("{9A19103F-16F7-4668-BE54-9A1E7A4F7556}") = "SharpArch.Testing.Xunit.NHibernate", "SharpArch.Testing.Xunit.NHibernate\SharpArch.Testing.Xunit.NHibernate.csproj", "{96F50E09-433E-45DA-988E-E4B2E8BE238C}"
EndProject
Project("{9A19103F-16F7-4668-BE54-9A1E7A4F7556}") = "SharpArch.XunitTests.NHibernate", "Tests\SharpArch.XunitTests.NHibernate\SharpArch.XunitTests.NHibernate.csproj", "{63DA7C82-5552-48A0-8331-96603E9CD635}"
EndProject
Project("{9A19103F-16F7-4668-BE54-9A1E7A4F7556}") = "SharpArch.Tests.NHibernate", "Tests\SharpArch.Tests.NHibernate\SharpArch.Tests.NHibernate.csproj", "{8B8D5AF2-DBFB-4470-BAD2-969B3034E88F}"
EndProject
Project("{9A19103F-16F7-4668-BE54-9A1E7A4F7556}") = "SharpArch.WebApi.Sample", "..\Samples\SharpArch.WebApi\App\SharpArch.WebApi.Sample.csproj", "{9B03C0EB-34B3-4837-9F79-D10FCCC8D298}"
EndProject
Project("{9A19103F-16F7-4668-BE54-9A1E7A4F7556}") = "SharpArch.WebApi.Tests", "..\Samples\SharpArch.WebApi\Tests\SharpArch.WebApi.Tests.csproj", "{5F00E8C7-9473-48EE-806A-2AB2E6898292}"
EndProject
Project("{9A19103F-16F7-4668-BE54-9A1E7A4F7556}") = "SharpArch.Infrastructure", "SharpArch.Infrastructure\SharpArch.Infrastructure.csproj", "{6E6D8E13-510C-4042-B6EC-1C8DE70CEA72}"
EndProject
Project("{9A19103F-16F7-4668-BE54-9A1E7A4F7556}") = "SharpArch.Testing.Xunit", "SharpArch.Testing.Xunit\SharpArch.Testing.Xunit.csproj", "{AC2D2B51-4919-42E0-857C-9A88040EFBA7}"
EndProject
Global
	GlobalSection(SolutionConfigurationPlatforms) = preSolution
		Debug|Any CPU = Debug|Any CPU
		Release|Any CPU = Release|Any CPU
	EndGlobalSection
	GlobalSection(ProjectConfigurationPlatforms) = postSolution
		{8E7A0FBD-F643-4793-B05C-7B740DC98C2A}.Debug|Any CPU.ActiveCfg = Debug|Any CPU
		{8E7A0FBD-F643-4793-B05C-7B740DC98C2A}.Debug|Any CPU.Build.0 = Debug|Any CPU
		{8E7A0FBD-F643-4793-B05C-7B740DC98C2A}.Release|Any CPU.ActiveCfg = Release|Any CPU
		{8E7A0FBD-F643-4793-B05C-7B740DC98C2A}.Release|Any CPU.Build.0 = Release|Any CPU
		{F5DF8FC7-7CFA-48FC-8A3B-6BFBFBEF2362}.Debug|Any CPU.ActiveCfg = Debug|Any CPU
		{F5DF8FC7-7CFA-48FC-8A3B-6BFBFBEF2362}.Debug|Any CPU.Build.0 = Debug|Any CPU
		{F5DF8FC7-7CFA-48FC-8A3B-6BFBFBEF2362}.Release|Any CPU.ActiveCfg = Release|Any CPU
		{F5DF8FC7-7CFA-48FC-8A3B-6BFBFBEF2362}.Release|Any CPU.Build.0 = Release|Any CPU
		{74B5ABD8-CD58-4D8B-B872-08FFE3F19311}.Debug|Any CPU.ActiveCfg = Debug|Any CPU
		{74B5ABD8-CD58-4D8B-B872-08FFE3F19311}.Debug|Any CPU.Build.0 = Debug|Any CPU
		{74B5ABD8-CD58-4D8B-B872-08FFE3F19311}.Release|Any CPU.ActiveCfg = Release|Any CPU
		{74B5ABD8-CD58-4D8B-B872-08FFE3F19311}.Release|Any CPU.Build.0 = Release|Any CPU
		{7DD611C9-22A4-4545-B4E5-761F843D92C5}.Debug|Any CPU.ActiveCfg = Debug|Any CPU
		{7DD611C9-22A4-4545-B4E5-761F843D92C5}.Debug|Any CPU.Build.0 = Debug|Any CPU
		{7DD611C9-22A4-4545-B4E5-761F843D92C5}.Release|Any CPU.ActiveCfg = Release|Any CPU
		{7DD611C9-22A4-4545-B4E5-761F843D92C5}.Release|Any CPU.Build.0 = Release|Any CPU
		{685D5CA7-3492-4386-B8DC-37116BA234CE}.Debug|Any CPU.ActiveCfg = Debug|Any CPU
		{685D5CA7-3492-4386-B8DC-37116BA234CE}.Debug|Any CPU.Build.0 = Debug|Any CPU
		{685D5CA7-3492-4386-B8DC-37116BA234CE}.Release|Any CPU.ActiveCfg = Release|Any CPU
		{685D5CA7-3492-4386-B8DC-37116BA234CE}.Release|Any CPU.Build.0 = Release|Any CPU
		{1E09DC26-B287-48CE-948D-645C06053474}.Debug|Any CPU.ActiveCfg = Debug|Any CPU
		{1E09DC26-B287-48CE-948D-645C06053474}.Debug|Any CPU.Build.0 = Debug|Any CPU
		{1E09DC26-B287-48CE-948D-645C06053474}.Release|Any CPU.ActiveCfg = Release|Any CPU
		{1E09DC26-B287-48CE-948D-645C06053474}.Release|Any CPU.Build.0 = Release|Any CPU
		{D9AF4843-E81B-4E91-84A7-A2326346D1BA}.Debug|Any CPU.ActiveCfg = Debug|Any CPU
		{D9AF4843-E81B-4E91-84A7-A2326346D1BA}.Debug|Any CPU.Build.0 = Debug|Any CPU
		{D9AF4843-E81B-4E91-84A7-A2326346D1BA}.Release|Any CPU.ActiveCfg = Release|Any CPU
		{D9AF4843-E81B-4E91-84A7-A2326346D1BA}.Release|Any CPU.Build.0 = Release|Any CPU
		{96F50E09-433E-45DA-988E-E4B2E8BE238C}.Debug|Any CPU.ActiveCfg = Debug|Any CPU
		{96F50E09-433E-45DA-988E-E4B2E8BE238C}.Debug|Any CPU.Build.0 = Debug|Any CPU
		{96F50E09-433E-45DA-988E-E4B2E8BE238C}.Release|Any CPU.ActiveCfg = Release|Any CPU
		{96F50E09-433E-45DA-988E-E4B2E8BE238C}.Release|Any CPU.Build.0 = Release|Any CPU
		{63DA7C82-5552-48A0-8331-96603E9CD635}.Debug|Any CPU.ActiveCfg = Debug|Any CPU
		{63DA7C82-5552-48A0-8331-96603E9CD635}.Debug|Any CPU.Build.0 = Debug|Any CPU
		{63DA7C82-5552-48A0-8331-96603E9CD635}.Release|Any CPU.ActiveCfg = Release|Any CPU
		{63DA7C82-5552-48A0-8331-96603E9CD635}.Release|Any CPU.Build.0 = Release|Any CPU
		{8B8D5AF2-DBFB-4470-BAD2-969B3034E88F}.Debug|Any CPU.ActiveCfg = Debug|Any CPU
		{8B8D5AF2-DBFB-4470-BAD2-969B3034E88F}.Debug|Any CPU.Build.0 = Debug|Any CPU
		{8B8D5AF2-DBFB-4470-BAD2-969B3034E88F}.Release|Any CPU.ActiveCfg = Release|Any CPU
		{8B8D5AF2-DBFB-4470-BAD2-969B3034E88F}.Release|Any CPU.Build.0 = Release|Any CPU
		{9B03C0EB-34B3-4837-9F79-D10FCCC8D298}.Debug|Any CPU.ActiveCfg = Debug|Any CPU
		{9B03C0EB-34B3-4837-9F79-D10FCCC8D298}.Debug|Any CPU.Build.0 = Debug|Any CPU
		{9B03C0EB-34B3-4837-9F79-D10FCCC8D298}.Release|Any CPU.ActiveCfg = Release|Any CPU
		{9B03C0EB-34B3-4837-9F79-D10FCCC8D298}.Release|Any CPU.Build.0 = Release|Any CPU
		{5F00E8C7-9473-48EE-806A-2AB2E6898292}.Debug|Any CPU.ActiveCfg = Debug|Any CPU
		{5F00E8C7-9473-48EE-806A-2AB2E6898292}.Debug|Any CPU.Build.0 = Debug|Any CPU
		{5F00E8C7-9473-48EE-806A-2AB2E6898292}.Release|Any CPU.ActiveCfg = Release|Any CPU
		{5F00E8C7-9473-48EE-806A-2AB2E6898292}.Release|Any CPU.Build.0 = Release|Any CPU
		{6E6D8E13-510C-4042-B6EC-1C8DE70CEA72}.Debug|Any CPU.ActiveCfg = Debug|Any CPU
		{6E6D8E13-510C-4042-B6EC-1C8DE70CEA72}.Debug|Any CPU.Build.0 = Debug|Any CPU
		{6E6D8E13-510C-4042-B6EC-1C8DE70CEA72}.Release|Any CPU.ActiveCfg = Release|Any CPU
		{6E6D8E13-510C-4042-B6EC-1C8DE70CEA72}.Release|Any CPU.Build.0 = Release|Any CPU
		{AC2D2B51-4919-42E0-857C-9A88040EFBA7}.Debug|Any CPU.ActiveCfg = Debug|Any CPU
		{AC2D2B51-4919-42E0-857C-9A88040EFBA7}.Debug|Any CPU.Build.0 = Debug|Any CPU
		{AC2D2B51-4919-42E0-857C-9A88040EFBA7}.Release|Any CPU.ActiveCfg = Release|Any CPU
		{AC2D2B51-4919-42E0-857C-9A88040EFBA7}.Release|Any CPU.Build.0 = Release|Any CPU
	EndGlobalSection
	GlobalSection(SolutionProperties) = preSolution
		HideSolutionNode = FALSE
	EndGlobalSection
	GlobalSection(NestedProjects) = preSolution
		{86944ABF-01A1-4A33-B7BF-2945791D8BFD} = {1F1FEDCB-8D3B-4157-A74D-D365BCF2CD07}
		{B67ED282-68EA-46AD-996E-3C687DB9A7FB} = {AE33464B-23DE-40DE-94A7-2A236A738F9B}
		{8E7A0FBD-F643-4793-B05C-7B740DC98C2A} = {B33554BD-5B88-4BB2-96E0-9FD2F47FBA07}
		{F5DF8FC7-7CFA-48FC-8A3B-6BFBFBEF2362} = {B33554BD-5B88-4BB2-96E0-9FD2F47FBA07}
		{74B5ABD8-CD58-4D8B-B872-08FFE3F19311} = {B33554BD-5B88-4BB2-96E0-9FD2F47FBA07}
		{7DD611C9-22A4-4545-B4E5-761F843D92C5} = {B33554BD-5B88-4BB2-96E0-9FD2F47FBA07}
		{685D5CA7-3492-4386-B8DC-37116BA234CE} = {B33554BD-5B88-4BB2-96E0-9FD2F47FBA07}
		{1E09DC26-B287-48CE-948D-645C06053474} = {B33554BD-5B88-4BB2-96E0-9FD2F47FBA07}
		{D9AF4843-E81B-4E91-84A7-A2326346D1BA} = {1E0FC93D-9540-42B7-B639-5F7E0ABC4B75}
		{96F50E09-433E-45DA-988E-E4B2E8BE238C} = {B33554BD-5B88-4BB2-96E0-9FD2F47FBA07}
		{63DA7C82-5552-48A0-8331-96603E9CD635} = {1E0FC93D-9540-42B7-B639-5F7E0ABC4B75}
		{8B8D5AF2-DBFB-4470-BAD2-969B3034E88F} = {1E0FC93D-9540-42B7-B639-5F7E0ABC4B75}
		{9B03C0EB-34B3-4837-9F79-D10FCCC8D298} = {B67ED282-68EA-46AD-996E-3C687DB9A7FB}
		{5F00E8C7-9473-48EE-806A-2AB2E6898292} = {B67ED282-68EA-46AD-996E-3C687DB9A7FB}
		{6E6D8E13-510C-4042-B6EC-1C8DE70CEA72} = {B33554BD-5B88-4BB2-96E0-9FD2F47FBA07}
		{AC2D2B51-4919-42E0-857C-9A88040EFBA7} = {B33554BD-5B88-4BB2-96E0-9FD2F47FBA07}
	EndGlobalSection
	GlobalSection(ExtensibilityGlobals) = postSolution
		SolutionGuid = {66570DE6-E62E-4899-9B61-57AF560D7F3B}
	EndGlobalSection
EndGlobal
