
Microsoft Visual Studio Solution File, Format Version 12.00
# Visual Studio 2013
VisualStudioVersion = 12.0.31101.0
MinimumVisualStudioVersion = 10.0.40219.1
Project("{2150E333-8FDC-42A3-9474-1A3956D46DE8}") = "Domain", "Domain", "{D2AD5B1A-C8C2-487F-89CA-04900885F946}"
EndProject
Project("{2150E333-8FDC-42A3-9474-1A3956D46DE8}") = "Infrastructure", "Infrastructure", "{E6A458E6-AF91-4FB7-9224-5FC5E00C3996}"
EndProject
Project("{2150E333-8FDC-42A3-9474-1A3956D46DE8}") = "Tasks", "Tasks", "{BDC8840A-C964-4EFB-8778-9BC01F516491}"
EndProject
Project("{2150E333-8FDC-42A3-9474-1A3956D46DE8}") = "Presentation", "Presentation", "{D5E689AA-BE7E-4F5F-AF51-03F71C6C31B2}"
EndProject
Project("{2150E333-8FDC-42A3-9474-1A3956D46DE8}") = "Specs", "Specs", "{2322D330-1A60-4F79-B553-53DED803A098}"
EndProject
Project("{FAE04EC0-301F-11D3-BF4B-00C04F79EFBC}") = "Suteki.TardisBank.Domain", "Suteki.TardisBank.Domain\Suteki.TardisBank.Domain.csproj", "{8DEF56CD-601E-443C-9DCE-C4EC54C0B6A6}"
EndProject
Project("{FAE04EC0-301F-11D3-BF4B-00C04F79EFBC}") = "Suteki.TardisBank.Infrastructure", "Suteki.TardisBank.Infrastructure\Suteki.TardisBank.Infrastructure.csproj", "{9544D94B-9B6E-4B61-8A09-88382205BF86}"
EndProject
Project("{FAE04EC0-301F-11D3-BF4B-00C04F79EFBC}") = "Suteki.TardisBank.Tasks", "Suteki.TardisBank.Tasks\Suteki.TardisBank.Tasks.csproj", "{C9AAC14B-E695-4508-83B7-ACB8FC5A7284}"
EndProject
Project("{FAE04EC0-301F-11D3-BF4B-00C04F79EFBC}") = "MSpecTests.Suteki.TardisBank", "MSpecTests.Suteki.TardisBank\MSpecTests.Suteki.TardisBank.csproj", "{F63E0957-B60B-47A3-96BB-76DC243D0C8A}"
EndProject
Project("{FAE04EC0-301F-11D3-BF4B-00C04F79EFBC}") = "Suteki.TardisBank.Web.Mvc", "Suteki.TardisBank.Web.Mvc\Suteki.TardisBank.Web.Mvc.csproj", "{CA227CA1-AB94-4DCA-A3DD-E0E4AB25BBF0}"
EndProject
Project("{FAE04EC0-301F-11D3-BF4B-00C04F79EFBC}") = "Suteki.TardisBank.Tests", "Suteki.TardisBank.Tests\Suteki.TardisBank.Tests.csproj", "{CC4A233E-BE8A-47CC-A87C-8352BFD557B7}"
EndProject
Project("{2150E333-8FDC-42A3-9474-1A3956D46DE8}") = ".SharpArch", ".SharpArch", "{8AB1F99F-E7F1-403D-BEFB-B0157C5E81A0}"
EndProject
Project("{FAE04EC0-301F-11D3-BF4B-00C04F79EFBC}") = "SharpArch.Domain", "..\..\..\Solutions\SharpArch.Domain\SharpArch.Domain.csproj", "{E12E99BB-8732-441F-B3A6-861F0CE23D3D}"
EndProject
Project("{FAE04EC0-301F-11D3-BF4B-00C04F79EFBC}") = "SharpArch.NHibernate", "..\..\..\Solutions\SharpArch.NHibernate\SharpArch.NHibernate.csproj", "{0BD77F13-8DF6-4C16-9508-33AA4CF0677A}"
EndProject
Project("{FAE04EC0-301F-11D3-BF4B-00C04F79EFBC}") = "SharpArch.Web.Http", "..\..\..\Solutions\SharpArch.Web.Http\SharpArch.Web.Http.csproj", "{35EC85F7-5D2E-4FE0-842A-807598FB6D1F}"
EndProject
Project("{FAE04EC0-301F-11D3-BF4B-00C04F79EFBC}") = "SharpArch.Web.Mvc", "..\..\..\Solutions\SharpArch.Web.Mvc\SharpArch.Web.Mvc.csproj", "{BF4E3D18-2EFB-49E3-9D8D-0F9F9BE1094A}"
EndProject
Project("{FAE04EC0-301F-11D3-BF4B-00C04F79EFBC}") = "SharpArch.Web.Mvc.Castle", "..\..\..\Solutions\SharpArch.Web.Mvc.Castle\SharpArch.Web.Mvc.Castle.csproj", "{5C2EA19A-E547-4E55-B36E-B25CA9EFEF21}"
EndProject
Project("{2150E333-8FDC-42A3-9474-1A3956D46DE8}") = ".nuget", ".nuget", "{BE558143-DE1A-438D-9DEE-20AF7EDF0A2A}"
	ProjectSection(SolutionItems) = preProject
		.nuget\NuGet.Config = .nuget\NuGet.Config
		.nuget\NuGet.exe = .nuget\NuGet.exe
		.nuget\NuGet.targets = .nuget\NuGet.targets
	EndProjectSection
EndProject
Project("{FAE04EC0-301F-11D3-BF4B-00C04F79EFBC}") = "SharpArch.Testing.NUnit", "..\..\..\Solutions\SharpArch.Testing.NUnit\SharpArch.Testing.NUnit.csproj", "{D6DDE603-4678-44B9-A2D1-101BF5D12AD7}"
EndProject
Project("{2150E333-8FDC-42A3-9474-1A3956D46DE8}") = "Solution Items", "Solution Items", "{900EDFFE-A795-4582-81A0-8D427ACC607E}"
	ProjectSection(SolutionItems) = preProject
		nuget.config = nuget.config
	EndProjectSection
EndProject
Project("{FAE04EC0-301F-11D3-BF4B-00C04F79EFBC}") = "SharpArch.Web.Http.Castle", "..\..\..\Solutions\SharpArch.Web.Http.Castle\SharpArch.Web.Http.Castle.csproj", "{EB01CD4D-CFB9-4924-8388-078D59543D58}"
EndProject
Project("{2150E333-8FDC-42A3-9474-1A3956D46DE8}") = "Build", "Build", "{F8324423-49B9-45D7-9227-F1ABF39AF3FD}"
	ProjectSection(SolutionItems) = preProject
		..\Build\Build.cmd = ..\Build\Build.cmd
		..\Build\Build.proj = ..\Build\Build.proj
		..\Build\BuildAndPackage.cmd = ..\Build\BuildAndPackage.cmd
	EndProjectSection
EndProject
Global
	GlobalSection(SolutionConfigurationPlatforms) = preSolution
		Debug|Any CPU = Debug|Any CPU
		Release|Any CPU = Release|Any CPU
	EndGlobalSection
	GlobalSection(ProjectConfigurationPlatforms) = postSolution
		{8DEF56CD-601E-443C-9DCE-C4EC54C0B6A6}.Debug|Any CPU.ActiveCfg = Debug|Any CPU
		{8DEF56CD-601E-443C-9DCE-C4EC54C0B6A6}.Debug|Any CPU.Build.0 = Debug|Any CPU
		{8DEF56CD-601E-443C-9DCE-C4EC54C0B6A6}.Release|Any CPU.ActiveCfg = Release|Any CPU
		{8DEF56CD-601E-443C-9DCE-C4EC54C0B6A6}.Release|Any CPU.Build.0 = Release|Any CPU
		{9544D94B-9B6E-4B61-8A09-88382205BF86}.Debug|Any CPU.ActiveCfg = Debug|Any CPU
		{9544D94B-9B6E-4B61-8A09-88382205BF86}.Debug|Any CPU.Build.0 = Debug|Any CPU
		{9544D94B-9B6E-4B61-8A09-88382205BF86}.Release|Any CPU.ActiveCfg = Release|Any CPU
		{9544D94B-9B6E-4B61-8A09-88382205BF86}.Release|Any CPU.Build.0 = Release|Any CPU
		{C9AAC14B-E695-4508-83B7-ACB8FC5A7284}.Debug|Any CPU.ActiveCfg = Debug|Any CPU
		{C9AAC14B-E695-4508-83B7-ACB8FC5A7284}.Debug|Any CPU.Build.0 = Debug|Any CPU
		{C9AAC14B-E695-4508-83B7-ACB8FC5A7284}.Release|Any CPU.ActiveCfg = Release|Any CPU
		{C9AAC14B-E695-4508-83B7-ACB8FC5A7284}.Release|Any CPU.Build.0 = Release|Any CPU
		{F63E0957-B60B-47A3-96BB-76DC243D0C8A}.Debug|Any CPU.ActiveCfg = Debug|Any CPU
		{F63E0957-B60B-47A3-96BB-76DC243D0C8A}.Debug|Any CPU.Build.0 = Debug|Any CPU
		{F63E0957-B60B-47A3-96BB-76DC243D0C8A}.Release|Any CPU.ActiveCfg = Release|Any CPU
		{F63E0957-B60B-47A3-96BB-76DC243D0C8A}.Release|Any CPU.Build.0 = Release|Any CPU
		{CA227CA1-AB94-4DCA-A3DD-E0E4AB25BBF0}.Debug|Any CPU.ActiveCfg = Debug|Any CPU
		{CA227CA1-AB94-4DCA-A3DD-E0E4AB25BBF0}.Debug|Any CPU.Build.0 = Debug|Any CPU
		{CA227CA1-AB94-4DCA-A3DD-E0E4AB25BBF0}.Release|Any CPU.ActiveCfg = Release|Any CPU
		{CA227CA1-AB94-4DCA-A3DD-E0E4AB25BBF0}.Release|Any CPU.Build.0 = Release|Any CPU
		{CC4A233E-BE8A-47CC-A87C-8352BFD557B7}.Debug|Any CPU.ActiveCfg = Debug|Any CPU
		{CC4A233E-BE8A-47CC-A87C-8352BFD557B7}.Debug|Any CPU.Build.0 = Debug|Any CPU
		{CC4A233E-BE8A-47CC-A87C-8352BFD557B7}.Release|Any CPU.ActiveCfg = Release|Any CPU
		{CC4A233E-BE8A-47CC-A87C-8352BFD557B7}.Release|Any CPU.Build.0 = Release|Any CPU
		{E12E99BB-8732-441F-B3A6-861F0CE23D3D}.Debug|Any CPU.ActiveCfg = Debug|Any CPU
		{E12E99BB-8732-441F-B3A6-861F0CE23D3D}.Debug|Any CPU.Build.0 = Debug|Any CPU
		{E12E99BB-8732-441F-B3A6-861F0CE23D3D}.Release|Any CPU.ActiveCfg = Release|Any CPU
		{E12E99BB-8732-441F-B3A6-861F0CE23D3D}.Release|Any CPU.Build.0 = Release|Any CPU
		{0BD77F13-8DF6-4C16-9508-33AA4CF0677A}.Debug|Any CPU.ActiveCfg = Debug|Any CPU
		{0BD77F13-8DF6-4C16-9508-33AA4CF0677A}.Debug|Any CPU.Build.0 = Debug|Any CPU
		{0BD77F13-8DF6-4C16-9508-33AA4CF0677A}.Release|Any CPU.ActiveCfg = Release|Any CPU
		{0BD77F13-8DF6-4C16-9508-33AA4CF0677A}.Release|Any CPU.Build.0 = Release|Any CPU
		{35EC85F7-5D2E-4FE0-842A-807598FB6D1F}.Debug|Any CPU.ActiveCfg = Debug|Any CPU
		{35EC85F7-5D2E-4FE0-842A-807598FB6D1F}.Debug|Any CPU.Build.0 = Debug|Any CPU
		{35EC85F7-5D2E-4FE0-842A-807598FB6D1F}.Release|Any CPU.ActiveCfg = Release|Any CPU
		{35EC85F7-5D2E-4FE0-842A-807598FB6D1F}.Release|Any CPU.Build.0 = Release|Any CPU
		{BF4E3D18-2EFB-49E3-9D8D-0F9F9BE1094A}.Debug|Any CPU.ActiveCfg = Debug|Any CPU
		{BF4E3D18-2EFB-49E3-9D8D-0F9F9BE1094A}.Debug|Any CPU.Build.0 = Debug|Any CPU
		{BF4E3D18-2EFB-49E3-9D8D-0F9F9BE1094A}.Release|Any CPU.ActiveCfg = Release|Any CPU
		{BF4E3D18-2EFB-49E3-9D8D-0F9F9BE1094A}.Release|Any CPU.Build.0 = Release|Any CPU
		{5C2EA19A-E547-4E55-B36E-B25CA9EFEF21}.Debug|Any CPU.ActiveCfg = Debug|Any CPU
		{5C2EA19A-E547-4E55-B36E-B25CA9EFEF21}.Debug|Any CPU.Build.0 = Debug|Any CPU
		{5C2EA19A-E547-4E55-B36E-B25CA9EFEF21}.Release|Any CPU.ActiveCfg = Release|Any CPU
		{5C2EA19A-E547-4E55-B36E-B25CA9EFEF21}.Release|Any CPU.Build.0 = Release|Any CPU
		{D6DDE603-4678-44B9-A2D1-101BF5D12AD7}.Debug|Any CPU.ActiveCfg = Debug|Any CPU
		{D6DDE603-4678-44B9-A2D1-101BF5D12AD7}.Debug|Any CPU.Build.0 = Debug|Any CPU
		{D6DDE603-4678-44B9-A2D1-101BF5D12AD7}.Release|Any CPU.ActiveCfg = Release|Any CPU
		{D6DDE603-4678-44B9-A2D1-101BF5D12AD7}.Release|Any CPU.Build.0 = Release|Any CPU
		{EB01CD4D-CFB9-4924-8388-078D59543D58}.Debug|Any CPU.ActiveCfg = Debug|Any CPU
		{EB01CD4D-CFB9-4924-8388-078D59543D58}.Debug|Any CPU.Build.0 = Debug|Any CPU
		{EB01CD4D-CFB9-4924-8388-078D59543D58}.Release|Any CPU.ActiveCfg = Release|Any CPU
		{EB01CD4D-CFB9-4924-8388-078D59543D58}.Release|Any CPU.Build.0 = Release|Any CPU
	EndGlobalSection
	GlobalSection(SolutionProperties) = preSolution
		HideSolutionNode = FALSE
	EndGlobalSection
	GlobalSection(NestedProjects) = preSolution
		{8DEF56CD-601E-443C-9DCE-C4EC54C0B6A6} = {D2AD5B1A-C8C2-487F-89CA-04900885F946}
		{9544D94B-9B6E-4B61-8A09-88382205BF86} = {E6A458E6-AF91-4FB7-9224-5FC5E00C3996}
		{C9AAC14B-E695-4508-83B7-ACB8FC5A7284} = {BDC8840A-C964-4EFB-8778-9BC01F516491}
		{F63E0957-B60B-47A3-96BB-76DC243D0C8A} = {2322D330-1A60-4F79-B553-53DED803A098}
		{CA227CA1-AB94-4DCA-A3DD-E0E4AB25BBF0} = {D5E689AA-BE7E-4F5F-AF51-03F71C6C31B2}
		{CC4A233E-BE8A-47CC-A87C-8352BFD557B7} = {2322D330-1A60-4F79-B553-53DED803A098}
		{E12E99BB-8732-441F-B3A6-861F0CE23D3D} = {8AB1F99F-E7F1-403D-BEFB-B0157C5E81A0}
		{0BD77F13-8DF6-4C16-9508-33AA4CF0677A} = {8AB1F99F-E7F1-403D-BEFB-B0157C5E81A0}
		{35EC85F7-5D2E-4FE0-842A-807598FB6D1F} = {8AB1F99F-E7F1-403D-BEFB-B0157C5E81A0}
		{BF4E3D18-2EFB-49E3-9D8D-0F9F9BE1094A} = {8AB1F99F-E7F1-403D-BEFB-B0157C5E81A0}
		{5C2EA19A-E547-4E55-B36E-B25CA9EFEF21} = {8AB1F99F-E7F1-403D-BEFB-B0157C5E81A0}
		{D6DDE603-4678-44B9-A2D1-101BF5D12AD7} = {8AB1F99F-E7F1-403D-BEFB-B0157C5E81A0}
		{EB01CD4D-CFB9-4924-8388-078D59543D58} = {8AB1F99F-E7F1-403D-BEFB-B0157C5E81A0}
	EndGlobalSection
EndGlobal
